// !$*UTF8*$!
{
	archiveVersion = 1;
	classes = {
	};
	objectVersion = 48;
	objects = {

/* Begin PBXBuildFile section */
		5CED4AF077D87923A21FD899 /* Pods_ATNetworkTests.framework in Frameworks */ = {isa = PBXBuildFile; fileRef = 9051391AAF96576716DF8B62 /* Pods_ATNetworkTests.framework */; };
		912F4C1D5B2912EB87FDC010 /* Pods_ActivityTracker.framework in Frameworks */ = {isa = PBXBuildFile; fileRef = 87CBA692BE6191921ECBECDF /* Pods_ActivityTracker.framework */; };
		A8268E06205A670900F8DF78 /* MapTableViewCell.swift in Sources */ = {isa = PBXBuildFile; fileRef = A8268E04205A670900F8DF78 /* MapTableViewCell.swift */; };
		A8268E07205A670900F8DF78 /* MapTableViewCell.xib in Resources */ = {isa = PBXBuildFile; fileRef = A8268E05205A670900F8DF78 /* MapTableViewCell.xib */; };
		A8268E09205A6A3500F8DF78 /* Location+Coordinates.swift in Sources */ = {isa = PBXBuildFile; fileRef = A8268E08205A6A3500F8DF78 /* Location+Coordinates.swift */; };
		A8268E0B205A6CE300F8DF78 /* MapTableViewCell+Location.swift in Sources */ = {isa = PBXBuildFile; fileRef = A8268E0A205A6CE300F8DF78 /* MapTableViewCell+Location.swift */; };
		A8268E0E205A6F6200F8DF78 /* TableHeaderFooterView.swift in Sources */ = {isa = PBXBuildFile; fileRef = A8268E0D205A6F6200F8DF78 /* TableHeaderFooterView.swift */; };
		A8268E10205A6F6D00F8DF78 /* TableHeaderFooterView.xib in Resources */ = {isa = PBXBuildFile; fileRef = A8268E0F205A6F6D00F8DF78 /* TableHeaderFooterView.xib */; };
		A8268E15205A7B4C00F8DF78 /* ProfileInfoTableViewCell.swift in Sources */ = {isa = PBXBuildFile; fileRef = A8268E13205A7B4C00F8DF78 /* ProfileInfoTableViewCell.swift */; };
		A8268E16205A7B4C00F8DF78 /* ProfileInfoTableViewCell.xib in Resources */ = {isa = PBXBuildFile; fileRef = A8268E14205A7B4C00F8DF78 /* ProfileInfoTableViewCell.xib */; };
		A833307F205A21B600B328F8 /* ATNetwork.framework in Frameworks */ = {isa = PBXBuildFile; fileRef = A8333076205A21B600B328F8 /* ATNetwork.framework */; };
		A8333088205A21B600B328F8 /* ATNetwork.h in Headers */ = {isa = PBXBuildFile; fileRef = A8333078205A21B600B328F8 /* ATNetwork.h */; settings = {ATTRIBUTES = (Public, ); }; };
		A833308B205A21B600B328F8 /* ATNetwork.framework in Frameworks */ = {isa = PBXBuildFile; fileRef = A8333076205A21B600B328F8 /* ATNetwork.framework */; };
		A833308C205A21B600B328F8 /* ATNetwork.framework in Embed Frameworks */ = {isa = PBXBuildFile; fileRef = A8333076205A21B600B328F8 /* ATNetwork.framework */; settings = {ATTRIBUTES = (CodeSignOnCopy, RemoveHeadersOnCopy, ); }; };
		A8333099205A22A400B328F8 /* Result.swift in Sources */ = {isa = PBXBuildFile; fileRef = A8333098205A22A400B328F8 /* Result.swift */; };
		A833309B205A22D300B328F8 /* APIError.swift in Sources */ = {isa = PBXBuildFile; fileRef = A833309A205A22D300B328F8 /* APIError.swift */; };
		A833309F205A230000B328F8 /* EndPoint.swift in Sources */ = {isa = PBXBuildFile; fileRef = A833309E205A230000B328F8 /* EndPoint.swift */; };
		A83330A1205A233200B328F8 /* APIClient.swift in Sources */ = {isa = PBXBuildFile; fileRef = A83330A0205A233200B328F8 /* APIClient.swift */; };
		A83330A3205A235200B328F8 /* URLSessionProtocol.swift in Sources */ = {isa = PBXBuildFile; fileRef = A83330A2205A235200B328F8 /* URLSessionProtocol.swift */; };
		A83330A5205A236400B328F8 /* URLSessionDataTaskProtocol.swift in Sources */ = {isa = PBXBuildFile; fileRef = A83330A4205A236400B328F8 /* URLSessionDataTaskProtocol.swift */; };
		A83330A7205A249200B328F8 /* ResultTests.swift in Sources */ = {isa = PBXBuildFile; fileRef = A83330A6205A249200B328F8 /* ResultTests.swift */; };
		A83330A9205A255400B328F8 /* APIErrorTests.swift in Sources */ = {isa = PBXBuildFile; fileRef = A83330A8205A255400B328F8 /* APIErrorTests.swift */; };
		A8477AAA205A80600067380A /* ActivityInfoTableViewCell.swift in Sources */ = {isa = PBXBuildFile; fileRef = A8477AA8205A80600067380A /* ActivityInfoTableViewCell.swift */; };
		A8477AAB205A80600067380A /* ActivityInfoTableViewCell.xib in Resources */ = {isa = PBXBuildFile; fileRef = A8477AA9205A80600067380A /* ActivityInfoTableViewCell.xib */; };
		A8477AAD205A9C440067380A /* String+Parameters.swift in Sources */ = {isa = PBXBuildFile; fileRef = A8477AAC205A9C440067380A /* String+Parameters.swift */; };
		A8477AAF205AA1E30067380A /* ActivityInfoTableViewCell+Location.swift in Sources */ = {isa = PBXBuildFile; fileRef = A8477AAE205AA1E30067380A /* ActivityInfoTableViewCell+Location.swift */; };
		A894D2A9205A087F00B2AB74 /* LocationSummaryTests.swift in Sources */ = {isa = PBXBuildFile; fileRef = A8A09A5A2059F41700CEA678 /* LocationSummaryTests.swift */; };
		A894D2AA205A089800B2AB74 /* locations.json in Resources */ = {isa = PBXBuildFile; fileRef = A8A09A5D2059F4AD00CEA678 /* locations.json */; };
		A894D2AC205A0B8000B2AB74 /* Location.swift in Sources */ = {isa = PBXBuildFile; fileRef = A894D2AB205A0B8000B2AB74 /* Location.swift */; };
		A894D2AE205A0F1F00B2AB74 /* location_detail.json in Resources */ = {isa = PBXBuildFile; fileRef = A894D2AD205A0F1F00B2AB74 /* location_detail.json */; };
		A894D2B1205A0F5800B2AB74 /* LocationTests.swift in Sources */ = {isa = PBXBuildFile; fileRef = A894D2B0205A0F5800B2AB74 /* LocationTests.swift */; };
		A8A09A092059E85000CEA678 /* AppDelegate.swift in Sources */ = {isa = PBXBuildFile; fileRef = A8A09A082059E85000CEA678 /* AppDelegate.swift */; };
		A8A09A0E2059E85000CEA678 /* Main.storyboard in Resources */ = {isa = PBXBuildFile; fileRef = A8A09A0C2059E85000CEA678 /* Main.storyboard */; };
		A8A09A102059E85000CEA678 /* Assets.xcassets in Resources */ = {isa = PBXBuildFile; fileRef = A8A09A0F2059E85000CEA678 /* Assets.xcassets */; };
		A8A09A132059E85000CEA678 /* LaunchScreen.storyboard in Resources */ = {isa = PBXBuildFile; fileRef = A8A09A112059E85000CEA678 /* LaunchScreen.storyboard */; };
		A8A09A302059EF5100CEA678 /* LocationsListViewController.swift in Sources */ = {isa = PBXBuildFile; fileRef = A8A09A2F2059EF5100CEA678 /* LocationsListViewController.swift */; };
		A8A09A482059F19B00CEA678 /* ATLocationCore.h in Headers */ = {isa = PBXBuildFile; fileRef = A8A09A382059F19B00CEA678 /* ATLocationCore.h */; settings = {ATTRIBUTES = (Public, ); }; };
		A8A09A4B2059F19B00CEA678 /* ATLocationCore.framework in Frameworks */ = {isa = PBXBuildFile; fileRef = A8A09A362059F19B00CEA678 /* ATLocationCore.framework */; };
		A8A09A4C2059F19B00CEA678 /* ATLocationCore.framework in Embed Frameworks */ = {isa = PBXBuildFile; fileRef = A8A09A362059F19B00CEA678 /* ATLocationCore.framework */; settings = {ATTRIBUTES = (CodeSignOnCopy, RemoveHeadersOnCopy, ); }; };
		A8A09A572059F28500CEA678 /* LocationSummary.swift in Sources */ = {isa = PBXBuildFile; fileRef = A8A09A562059F28500CEA678 /* LocationSummary.swift */; };
		A8A77AB6205A2644003399A4 /* APIClientTests.swift in Sources */ = {isa = PBXBuildFile; fileRef = A8A77AB5205A2644003399A4 /* APIClientTests.swift */; };
		A8A77AB8205A2665003399A4 /* MockURLSession.swift in Sources */ = {isa = PBXBuildFile; fileRef = A8A77AB7205A2665003399A4 /* MockURLSession.swift */; };
		A8A77ABA205A2673003399A4 /* MockURLSessionDataTask.swift in Sources */ = {isa = PBXBuildFile; fileRef = A8A77AB9205A2673003399A4 /* MockURLSessionDataTask.swift */; };
		A8A77ABC205A271F003399A4 /* MockAPIClient.swift in Sources */ = {isa = PBXBuildFile; fileRef = A8A77ABB205A271F003399A4 /* MockAPIClient.swift */; };
		A8A77ABE205A275F003399A4 /* MockObject.swift in Sources */ = {isa = PBXBuildFile; fileRef = A8A77ABD205A275F003399A4 /* MockObject.swift */; };
		A8A77AC0205A28A1003399A4 /* LocationFeed.swift in Sources */ = {isa = PBXBuildFile; fileRef = A8A77ABF205A28A1003399A4 /* LocationFeed.swift */; };
		A8A77AC5205A2AB2003399A4 /* LocationFeedTests.swift in Sources */ = {isa = PBXBuildFile; fileRef = A8A77AC4205A2AB2003399A4 /* LocationFeedTests.swift */; };
		A8A77AC7205A2E74003399A4 /* LocationsApiClient.swift in Sources */ = {isa = PBXBuildFile; fileRef = A8A77AC6205A2E74003399A4 /* LocationsApiClient.swift */; };
		A8A77AC8205A3441003399A4 /* ATLocationCore.framework in Frameworks */ = {isa = PBXBuildFile; fileRef = A8A09A362059F19B00CEA678 /* ATLocationCore.framework */; };
		A8A77ACA205A34D7003399A4 /* LocationsViewModel.swift in Sources */ = {isa = PBXBuildFile; fileRef = A8A77AC9205A34D7003399A4 /* LocationsViewModel.swift */; };
		A8A77ACD205A37D0003399A4 /* LocationsListViewControllerTests.swift in Sources */ = {isa = PBXBuildFile; fileRef = A8A77ACC205A37D0003399A4 /* LocationsListViewControllerTests.swift */; };
		A8A77AD1205A3A08003399A4 /* UIView+ReuseIdentifier.swift in Sources */ = {isa = PBXBuildFile; fileRef = A8A77AD0205A3A08003399A4 /* UIView+ReuseIdentifier.swift */; };
		A8A77AD3205A3A13003399A4 /* UIView+Nib.swift in Sources */ = {isa = PBXBuildFile; fileRef = A8A77AD2205A3A13003399A4 /* UIView+Nib.swift */; };
		A8A77AD6205A3A65003399A4 /* LocationTableViewCell.swift in Sources */ = {isa = PBXBuildFile; fileRef = A8A77AD4205A3A65003399A4 /* LocationTableViewCell.swift */; };
		A8A77AD7205A3A65003399A4 /* LocationTableViewCell.xib in Resources */ = {isa = PBXBuildFile; fileRef = A8A77AD5205A3A65003399A4 /* LocationTableViewCell.xib */; };
		A8A77AD9205A3E24003399A4 /* LocationTableViewCell+Loctaion.swift in Sources */ = {isa = PBXBuildFile; fileRef = A8A77AD8205A3E24003399A4 /* LocationTableViewCell+Loctaion.swift */; };
		A8A77ADB205A44CC003399A4 /* LocationDetailViewController.swift in Sources */ = {isa = PBXBuildFile; fileRef = A8A77ADA205A44CC003399A4 /* LocationDetailViewController.swift */; };
		A8A77ADD205A4596003399A4 /* LocationDetailViewControllerTests.swift in Sources */ = {isa = PBXBuildFile; fileRef = A8A77ADC205A4596003399A4 /* LocationDetailViewControllerTests.swift */; };
		A8A77ADF205A469D003399A4 /* LocationDetailViewModel.swift in Sources */ = {isa = PBXBuildFile; fileRef = A8A77ADE205A469D003399A4 /* LocationDetailViewModel.swift */; };
		A8B4A7DD205AA37200FEAB9F /* ProfileInfoTableViewCell+Profile.swift in Sources */ = {isa = PBXBuildFile; fileRef = A8B4A7DC205AA37200FEAB9F /* ProfileInfoTableViewCell+Profile.swift */; };
		A8B4A7E3205B595C00FEAB9F /* LocationsViewModelTests.swift in Sources */ = {isa = PBXBuildFile; fileRef = A8B4A7E2205B595C00FEAB9F /* LocationsViewModelTests.swift */; };
		A8B4A7E5205B714F00FEAB9F /* LocationDetailViewModelTests.swift in Sources */ = {isa = PBXBuildFile; fileRef = A8B4A7E4205B714F00FEAB9F /* LocationDetailViewModelTests.swift */; };
		A8B4A7E7205B716500FEAB9F /* MockLocationAPIClient.swift in Sources */ = {isa = PBXBuildFile; fileRef = A8B4A7E6205B716500FEAB9F /* MockLocationAPIClient.swift */; };
		A8B8E93E205A125F007D1C2D /* Activity.swift in Sources */ = {isa = PBXBuildFile; fileRef = A8B8E93D205A125F007D1C2D /* Activity.swift */; };
		A8B8E940205A1266007D1C2D /* Profile.swift in Sources */ = {isa = PBXBuildFile; fileRef = A8B8E93F205A1266007D1C2D /* Profile.swift */; };
		A8B8E942205A126B007D1C2D /* Task.swift in Sources */ = {isa = PBXBuildFile; fileRef = A8B8E941205A126B007D1C2D /* Task.swift */; };
		B1A66F209C092003FAC17D8E /* Pods_ActivityTrackerTests.framework in Frameworks */ = {isa = PBXBuildFile; fileRef = 096F0B990B9F797AF8155F00 /* Pods_ActivityTrackerTests.framework */; };
/* End PBXBuildFile section */

/* Begin PBXContainerItemProxy section */
		A8333080205A21B600B328F8 /* PBXContainerItemProxy */ = {
			isa = PBXContainerItemProxy;
			containerPortal = A8A099FD2059E85000CEA678 /* Project object */;
			proxyType = 1;
			remoteGlobalIDString = A8333075205A21B600B328F8;
			remoteInfo = ATNetwork;
		};
		A8333082205A21B600B328F8 /* PBXContainerItemProxy */ = {
			isa = PBXContainerItemProxy;
			containerPortal = A8A099FD2059E85000CEA678 /* Project object */;
			proxyType = 1;
			remoteGlobalIDString = A8A09A042059E85000CEA678;
			remoteInfo = ActivityTracker;
		};
		A8333089205A21B600B328F8 /* PBXContainerItemProxy */ = {
			isa = PBXContainerItemProxy;
			containerPortal = A8A099FD2059E85000CEA678 /* Project object */;
			proxyType = 1;
			remoteGlobalIDString = A8333075205A21B600B328F8;
			remoteInfo = ATNetwork;
		};
		A8A09A1A2059E85000CEA678 /* PBXContainerItemProxy */ = {
			isa = PBXContainerItemProxy;
			containerPortal = A8A099FD2059E85000CEA678 /* Project object */;
			proxyType = 1;
			remoteGlobalIDString = A8A09A042059E85000CEA678;
			remoteInfo = ActivityTracker;
		};
		A8A09A492059F19B00CEA678 /* PBXContainerItemProxy */ = {
			isa = PBXContainerItemProxy;
			containerPortal = A8A099FD2059E85000CEA678 /* Project object */;
			proxyType = 1;
			remoteGlobalIDString = A8A09A352059F19B00CEA678;
			remoteInfo = ATLocationCore;
		};
/* End PBXContainerItemProxy section */

/* Begin PBXCopyFilesBuildPhase section */
		A8A09A502059F19B00CEA678 /* Embed Frameworks */ = {
			isa = PBXCopyFilesBuildPhase;
			buildActionMask = 2147483647;
			dstPath = "";
			dstSubfolderSpec = 10;
			files = (
				A833308C205A21B600B328F8 /* ATNetwork.framework in Embed Frameworks */,
				A8A09A4C2059F19B00CEA678 /* ATLocationCore.framework in Embed Frameworks */,
			);
			name = "Embed Frameworks";
			runOnlyForDeploymentPostprocessing = 0;
		};
/* End PBXCopyFilesBuildPhase section */

/* Begin PBXFileReference section */
		096F0B990B9F797AF8155F00 /* Pods_ActivityTrackerTests.framework */ = {isa = PBXFileReference; explicitFileType = wrapper.framework; includeInIndex = 0; path = Pods_ActivityTrackerTests.framework; sourceTree = BUILT_PRODUCTS_DIR; };
		0CA74A077F459A19D6E09EA1 /* Pods_ATLocationCoreTests.framework */ = {isa = PBXFileReference; explicitFileType = wrapper.framework; includeInIndex = 0; path = Pods_ATLocationCoreTests.framework; sourceTree = BUILT_PRODUCTS_DIR; };
		1C856625CDE100E25D864F39 /* Pods-ATLocationCoreTests.release.xcconfig */ = {isa = PBXFileReference; includeInIndex = 1; lastKnownFileType = text.xcconfig; name = "Pods-ATLocationCoreTests.release.xcconfig"; path = "Pods/Target Support Files/Pods-ATLocationCoreTests/Pods-ATLocationCoreTests.release.xcconfig"; sourceTree = "<group>"; };
		2E0B089567BFAF5AFE9FA06C /* Pods-ActivityTrackerTests.release.xcconfig */ = {isa = PBXFileReference; includeInIndex = 1; lastKnownFileType = text.xcconfig; name = "Pods-ActivityTrackerTests.release.xcconfig"; path = "Pods/Target Support Files/Pods-ActivityTrackerTests/Pods-ActivityTrackerTests.release.xcconfig"; sourceTree = "<group>"; };
		784F88C30A27C8F736623E21 /* Pods-ATLocationCoreTests.debug.xcconfig */ = {isa = PBXFileReference; includeInIndex = 1; lastKnownFileType = text.xcconfig; name = "Pods-ATLocationCoreTests.debug.xcconfig"; path = "Pods/Target Support Files/Pods-ATLocationCoreTests/Pods-ATLocationCoreTests.debug.xcconfig"; sourceTree = "<group>"; };
		87CBA692BE6191921ECBECDF /* Pods_ActivityTracker.framework */ = {isa = PBXFileReference; explicitFileType = wrapper.framework; includeInIndex = 0; path = Pods_ActivityTracker.framework; sourceTree = BUILT_PRODUCTS_DIR; };
		9051391AAF96576716DF8B62 /* Pods_ATNetworkTests.framework */ = {isa = PBXFileReference; explicitFileType = wrapper.framework; includeInIndex = 0; path = Pods_ATNetworkTests.framework; sourceTree = BUILT_PRODUCTS_DIR; };
		9B635376636A322B2D6E6BFC /* Pods-ActivityTracker.release.xcconfig */ = {isa = PBXFileReference; includeInIndex = 1; lastKnownFileType = text.xcconfig; name = "Pods-ActivityTracker.release.xcconfig"; path = "Pods/Target Support Files/Pods-ActivityTracker/Pods-ActivityTracker.release.xcconfig"; sourceTree = "<group>"; };
		9DFAA4770D71E39B109F2D73 /* Pods-ActivityTrackerTests.debug.xcconfig */ = {isa = PBXFileReference; includeInIndex = 1; lastKnownFileType = text.xcconfig; name = "Pods-ActivityTrackerTests.debug.xcconfig"; path = "Pods/Target Support Files/Pods-ActivityTrackerTests/Pods-ActivityTrackerTests.debug.xcconfig"; sourceTree = "<group>"; };
		A691162C8EA6C9B8973BA6F0 /* Pods_ATLocationCore.framework */ = {isa = PBXFileReference; explicitFileType = wrapper.framework; includeInIndex = 0; path = Pods_ATLocationCore.framework; sourceTree = BUILT_PRODUCTS_DIR; };
		A8268E04205A670900F8DF78 /* MapTableViewCell.swift */ = {isa = PBXFileReference; lastKnownFileType = sourcecode.swift; path = MapTableViewCell.swift; sourceTree = "<group>"; };
		A8268E05205A670900F8DF78 /* MapTableViewCell.xib */ = {isa = PBXFileReference; lastKnownFileType = file.xib; path = MapTableViewCell.xib; sourceTree = "<group>"; };
		A8268E08205A6A3500F8DF78 /* Location+Coordinates.swift */ = {isa = PBXFileReference; lastKnownFileType = sourcecode.swift; path = "Location+Coordinates.swift"; sourceTree = "<group>"; };
		A8268E0A205A6CE300F8DF78 /* MapTableViewCell+Location.swift */ = {isa = PBXFileReference; lastKnownFileType = sourcecode.swift; path = "MapTableViewCell+Location.swift"; sourceTree = "<group>"; };
		A8268E0D205A6F6200F8DF78 /* TableHeaderFooterView.swift */ = {isa = PBXFileReference; lastKnownFileType = sourcecode.swift; path = TableHeaderFooterView.swift; sourceTree = "<group>"; };
		A8268E0F205A6F6D00F8DF78 /* TableHeaderFooterView.xib */ = {isa = PBXFileReference; lastKnownFileType = file.xib; path = TableHeaderFooterView.xib; sourceTree = "<group>"; };
		A8268E13205A7B4C00F8DF78 /* ProfileInfoTableViewCell.swift */ = {isa = PBXFileReference; lastKnownFileType = sourcecode.swift; path = ProfileInfoTableViewCell.swift; sourceTree = "<group>"; };
		A8268E14205A7B4C00F8DF78 /* ProfileInfoTableViewCell.xib */ = {isa = PBXFileReference; lastKnownFileType = file.xib; path = ProfileInfoTableViewCell.xib; sourceTree = "<group>"; };
		A8333076205A21B600B328F8 /* ATNetwork.framework */ = {isa = PBXFileReference; explicitFileType = wrapper.framework; includeInIndex = 0; path = ATNetwork.framework; sourceTree = BUILT_PRODUCTS_DIR; };
		A8333078205A21B600B328F8 /* ATNetwork.h */ = {isa = PBXFileReference; lastKnownFileType = sourcecode.c.h; path = ATNetwork.h; sourceTree = "<group>"; };
		A8333079205A21B600B328F8 /* Info.plist */ = {isa = PBXFileReference; lastKnownFileType = text.plist.xml; path = Info.plist; sourceTree = "<group>"; };
		A833307E205A21B600B328F8 /* ATNetworkTests.xctest */ = {isa = PBXFileReference; explicitFileType = wrapper.cfbundle; includeInIndex = 0; path = ATNetworkTests.xctest; sourceTree = BUILT_PRODUCTS_DIR; };
		A8333087205A21B600B328F8 /* Info.plist */ = {isa = PBXFileReference; lastKnownFileType = text.plist.xml; path = Info.plist; sourceTree = "<group>"; };
		A8333098205A22A400B328F8 /* Result.swift */ = {isa = PBXFileReference; lastKnownFileType = sourcecode.swift; path = Result.swift; sourceTree = "<group>"; };
		A833309A205A22D300B328F8 /* APIError.swift */ = {isa = PBXFileReference; lastKnownFileType = sourcecode.swift; path = APIError.swift; sourceTree = "<group>"; };
		A833309E205A230000B328F8 /* EndPoint.swift */ = {isa = PBXFileReference; lastKnownFileType = sourcecode.swift; path = EndPoint.swift; sourceTree = "<group>"; };
		A83330A0205A233200B328F8 /* APIClient.swift */ = {isa = PBXFileReference; lastKnownFileType = sourcecode.swift; path = APIClient.swift; sourceTree = "<group>"; };
		A83330A2205A235200B328F8 /* URLSessionProtocol.swift */ = {isa = PBXFileReference; lastKnownFileType = sourcecode.swift; path = URLSessionProtocol.swift; sourceTree = "<group>"; };
		A83330A4205A236400B328F8 /* URLSessionDataTaskProtocol.swift */ = {isa = PBXFileReference; lastKnownFileType = sourcecode.swift; path = URLSessionDataTaskProtocol.swift; sourceTree = "<group>"; };
		A83330A6205A249200B328F8 /* ResultTests.swift */ = {isa = PBXFileReference; lastKnownFileType = sourcecode.swift; path = ResultTests.swift; sourceTree = "<group>"; };
		A83330A8205A255400B328F8 /* APIErrorTests.swift */ = {isa = PBXFileReference; lastKnownFileType = sourcecode.swift; path = APIErrorTests.swift; sourceTree = "<group>"; };
		A8477AA8205A80600067380A /* ActivityInfoTableViewCell.swift */ = {isa = PBXFileReference; lastKnownFileType = sourcecode.swift; path = ActivityInfoTableViewCell.swift; sourceTree = "<group>"; };
		A8477AA9205A80600067380A /* ActivityInfoTableViewCell.xib */ = {isa = PBXFileReference; lastKnownFileType = file.xib; path = ActivityInfoTableViewCell.xib; sourceTree = "<group>"; };
		A8477AAC205A9C440067380A /* String+Parameters.swift */ = {isa = PBXFileReference; lastKnownFileType = sourcecode.swift; path = "String+Parameters.swift"; sourceTree = "<group>"; };
		A8477AAE205AA1E30067380A /* ActivityInfoTableViewCell+Location.swift */ = {isa = PBXFileReference; lastKnownFileType = sourcecode.swift; path = "ActivityInfoTableViewCell+Location.swift"; sourceTree = "<group>"; };
		A84C01902059FC1C00B5B51B /* Nimble.framework */ = {isa = PBXFileReference; explicitFileType = wrapper.framework; path = Nimble.framework; sourceTree = BUILT_PRODUCTS_DIR; };
		A84C01912059FC1C00B5B51B /* Quick.framework */ = {isa = PBXFileReference; explicitFileType = wrapper.framework; path = Quick.framework; sourceTree = BUILT_PRODUCTS_DIR; };
		A894D2AB205A0B8000B2AB74 /* Location.swift */ = {isa = PBXFileReference; lastKnownFileType = sourcecode.swift; path = Location.swift; sourceTree = "<group>"; };
		A894D2AD205A0F1F00B2AB74 /* location_detail.json */ = {isa = PBXFileReference; lastKnownFileType = text.json; path = location_detail.json; sourceTree = "<group>"; };
		A894D2B0205A0F5800B2AB74 /* LocationTests.swift */ = {isa = PBXFileReference; lastKnownFileType = sourcecode.swift; path = LocationTests.swift; sourceTree = "<group>"; };
		A8A09A052059E85000CEA678 /* ActivityTracker.app */ = {isa = PBXFileReference; explicitFileType = wrapper.application; includeInIndex = 0; path = ActivityTracker.app; sourceTree = BUILT_PRODUCTS_DIR; };
		A8A09A082059E85000CEA678 /* AppDelegate.swift */ = {isa = PBXFileReference; lastKnownFileType = sourcecode.swift; path = AppDelegate.swift; sourceTree = "<group>"; };
		A8A09A0D2059E85000CEA678 /* Base */ = {isa = PBXFileReference; lastKnownFileType = file.storyboard; name = Base; path = Base.lproj/Main.storyboard; sourceTree = "<group>"; };
		A8A09A0F2059E85000CEA678 /* Assets.xcassets */ = {isa = PBXFileReference; lastKnownFileType = folder.assetcatalog; path = Assets.xcassets; sourceTree = "<group>"; };
		A8A09A122059E85000CEA678 /* Base */ = {isa = PBXFileReference; lastKnownFileType = file.storyboard; name = Base; path = Base.lproj/LaunchScreen.storyboard; sourceTree = "<group>"; };
		A8A09A142059E85000CEA678 /* Info.plist */ = {isa = PBXFileReference; lastKnownFileType = text.plist.xml; path = Info.plist; sourceTree = "<group>"; };
		A8A09A192059E85000CEA678 /* ActivityTrackerTests.xctest */ = {isa = PBXFileReference; explicitFileType = wrapper.cfbundle; includeInIndex = 0; path = ActivityTrackerTests.xctest; sourceTree = BUILT_PRODUCTS_DIR; };
		A8A09A1F2059E85000CEA678 /* Info.plist */ = {isa = PBXFileReference; lastKnownFileType = text.plist.xml; path = Info.plist; sourceTree = "<group>"; };
		A8A09A2F2059EF5100CEA678 /* LocationsListViewController.swift */ = {isa = PBXFileReference; lastKnownFileType = sourcecode.swift; path = LocationsListViewController.swift; sourceTree = "<group>"; };
		A8A09A362059F19B00CEA678 /* ATLocationCore.framework */ = {isa = PBXFileReference; explicitFileType = wrapper.framework; includeInIndex = 0; path = ATLocationCore.framework; sourceTree = BUILT_PRODUCTS_DIR; };
		A8A09A382059F19B00CEA678 /* ATLocationCore.h */ = {isa = PBXFileReference; lastKnownFileType = sourcecode.c.h; path = ATLocationCore.h; sourceTree = "<group>"; };
		A8A09A392059F19B00CEA678 /* Info.plist */ = {isa = PBXFileReference; lastKnownFileType = text.plist.xml; path = Info.plist; sourceTree = "<group>"; };
		A8A09A562059F28500CEA678 /* LocationSummary.swift */ = {isa = PBXFileReference; lastKnownFileType = sourcecode.swift; path = LocationSummary.swift; sourceTree = "<group>"; };
		A8A09A5A2059F41700CEA678 /* LocationSummaryTests.swift */ = {isa = PBXFileReference; lastKnownFileType = sourcecode.swift; path = LocationSummaryTests.swift; sourceTree = "<group>"; };
		A8A09A5D2059F4AD00CEA678 /* locations.json */ = {isa = PBXFileReference; lastKnownFileType = text.json; path = locations.json; sourceTree = "<group>"; };
		A8A77AB5205A2644003399A4 /* APIClientTests.swift */ = {isa = PBXFileReference; lastKnownFileType = sourcecode.swift; path = APIClientTests.swift; sourceTree = "<group>"; };
		A8A77AB7205A2665003399A4 /* MockURLSession.swift */ = {isa = PBXFileReference; lastKnownFileType = sourcecode.swift; path = MockURLSession.swift; sourceTree = "<group>"; };
		A8A77AB9205A2673003399A4 /* MockURLSessionDataTask.swift */ = {isa = PBXFileReference; lastKnownFileType = sourcecode.swift; path = MockURLSessionDataTask.swift; sourceTree = "<group>"; };
		A8A77ABB205A271F003399A4 /* MockAPIClient.swift */ = {isa = PBXFileReference; lastKnownFileType = sourcecode.swift; path = MockAPIClient.swift; sourceTree = "<group>"; };
		A8A77ABD205A275F003399A4 /* MockObject.swift */ = {isa = PBXFileReference; lastKnownFileType = sourcecode.swift; path = MockObject.swift; sourceTree = "<group>"; };
		A8A77ABF205A28A1003399A4 /* LocationFeed.swift */ = {isa = PBXFileReference; lastKnownFileType = sourcecode.swift; path = LocationFeed.swift; sourceTree = "<group>"; };
		A8A77AC4205A2AB2003399A4 /* LocationFeedTests.swift */ = {isa = PBXFileReference; lastKnownFileType = sourcecode.swift; path = LocationFeedTests.swift; sourceTree = "<group>"; };
		A8A77AC6205A2E74003399A4 /* LocationsApiClient.swift */ = {isa = PBXFileReference; lastKnownFileType = sourcecode.swift; path = LocationsApiClient.swift; sourceTree = "<group>"; };
		A8A77AC9205A34D7003399A4 /* LocationsViewModel.swift */ = {isa = PBXFileReference; lastKnownFileType = sourcecode.swift; path = LocationsViewModel.swift; sourceTree = "<group>"; };
		A8A77ACC205A37D0003399A4 /* LocationsListViewControllerTests.swift */ = {isa = PBXFileReference; lastKnownFileType = sourcecode.swift; path = LocationsListViewControllerTests.swift; sourceTree = "<group>"; };
		A8A77AD0205A3A08003399A4 /* UIView+ReuseIdentifier.swift */ = {isa = PBXFileReference; lastKnownFileType = sourcecode.swift; path = "UIView+ReuseIdentifier.swift"; sourceTree = "<group>"; };
		A8A77AD2205A3A13003399A4 /* UIView+Nib.swift */ = {isa = PBXFileReference; lastKnownFileType = sourcecode.swift; path = "UIView+Nib.swift"; sourceTree = "<group>"; };
		A8A77AD4205A3A65003399A4 /* LocationTableViewCell.swift */ = {isa = PBXFileReference; lastKnownFileType = sourcecode.swift; path = LocationTableViewCell.swift; sourceTree = "<group>"; };
		A8A77AD5205A3A65003399A4 /* LocationTableViewCell.xib */ = {isa = PBXFileReference; lastKnownFileType = file.xib; path = LocationTableViewCell.xib; sourceTree = "<group>"; };
		A8A77AD8205A3E24003399A4 /* LocationTableViewCell+Loctaion.swift */ = {isa = PBXFileReference; lastKnownFileType = sourcecode.swift; path = "LocationTableViewCell+Loctaion.swift"; sourceTree = "<group>"; };
		A8A77ADA205A44CC003399A4 /* LocationDetailViewController.swift */ = {isa = PBXFileReference; lastKnownFileType = sourcecode.swift; path = LocationDetailViewController.swift; sourceTree = "<group>"; };
		A8A77ADC205A4596003399A4 /* LocationDetailViewControllerTests.swift */ = {isa = PBXFileReference; lastKnownFileType = sourcecode.swift; path = LocationDetailViewControllerTests.swift; sourceTree = "<group>"; };
		A8A77ADE205A469D003399A4 /* LocationDetailViewModel.swift */ = {isa = PBXFileReference; lastKnownFileType = sourcecode.swift; path = LocationDetailViewModel.swift; sourceTree = "<group>"; };
		A8B4A7DC205AA37200FEAB9F /* ProfileInfoTableViewCell+Profile.swift */ = {isa = PBXFileReference; lastKnownFileType = sourcecode.swift; path = "ProfileInfoTableViewCell+Profile.swift"; sourceTree = "<group>"; };
		A8B4A7E2205B595C00FEAB9F /* LocationsViewModelTests.swift */ = {isa = PBXFileReference; lastKnownFileType = sourcecode.swift; path = LocationsViewModelTests.swift; sourceTree = "<group>"; };
		A8B4A7E4205B714F00FEAB9F /* LocationDetailViewModelTests.swift */ = {isa = PBXFileReference; lastKnownFileType = sourcecode.swift; path = LocationDetailViewModelTests.swift; sourceTree = "<group>"; };
		A8B4A7E6205B716500FEAB9F /* MockLocationAPIClient.swift */ = {isa = PBXFileReference; lastKnownFileType = sourcecode.swift; path = MockLocationAPIClient.swift; sourceTree = "<group>"; };
		A8B8E93D205A125F007D1C2D /* Activity.swift */ = {isa = PBXFileReference; lastKnownFileType = sourcecode.swift; path = Activity.swift; sourceTree = "<group>"; };
		A8B8E93F205A1266007D1C2D /* Profile.swift */ = {isa = PBXFileReference; lastKnownFileType = sourcecode.swift; path = Profile.swift; sourceTree = "<group>"; };
		A8B8E941205A126B007D1C2D /* Task.swift */ = {isa = PBXFileReference; lastKnownFileType = sourcecode.swift; path = Task.swift; sourceTree = "<group>"; };
		A8CA3E99209BEC31006A3BB9 /* Quick.framework */ = {isa = PBXFileReference; explicitFileType = wrapper.framework; path = Quick.framework; sourceTree = BUILT_PRODUCTS_DIR; };
		A8CA3E9B209BEC36006A3BB9 /* Nimble.framework */ = {isa = PBXFileReference; explicitFileType = wrapper.framework; path = Nimble.framework; sourceTree = BUILT_PRODUCTS_DIR; };
		B6BD43873EC28233F4E2EC0E /* Pods-ATNetworkTests.debug.xcconfig */ = {isa = PBXFileReference; includeInIndex = 1; lastKnownFileType = text.xcconfig; name = "Pods-ATNetworkTests.debug.xcconfig"; path = "Pods/Target Support Files/Pods-ATNetworkTests/Pods-ATNetworkTests.debug.xcconfig"; sourceTree = "<group>"; };
		BEE0708D74A9D5E98E19C06C /* Pods-ATNetworkTests.release.xcconfig */ = {isa = PBXFileReference; includeInIndex = 1; lastKnownFileType = text.xcconfig; name = "Pods-ATNetworkTests.release.xcconfig"; path = "Pods/Target Support Files/Pods-ATNetworkTests/Pods-ATNetworkTests.release.xcconfig"; sourceTree = "<group>"; };
		FB06AFF6E06E613A7EFA9036 /* Pods-ActivityTracker.debug.xcconfig */ = {isa = PBXFileReference; includeInIndex = 1; lastKnownFileType = text.xcconfig; name = "Pods-ActivityTracker.debug.xcconfig"; path = "Pods/Target Support Files/Pods-ActivityTracker/Pods-ActivityTracker.debug.xcconfig"; sourceTree = "<group>"; };
/* End PBXFileReference section */

/* Begin PBXFrameworksBuildPhase section */
		A8333072205A21B600B328F8 /* Frameworks */ = {
			isa = PBXFrameworksBuildPhase;
			buildActionMask = 2147483647;
			files = (
				A8A77AC8205A3441003399A4 /* ATLocationCore.framework in Frameworks */,
			);
			runOnlyForDeploymentPostprocessing = 0;
		};
		A833307B205A21B600B328F8 /* Frameworks */ = {
			isa = PBXFrameworksBuildPhase;
			buildActionMask = 2147483647;
			files = (
				A833307F205A21B600B328F8 /* ATNetwork.framework in Frameworks */,
				5CED4AF077D87923A21FD899 /* Pods_ATNetworkTests.framework in Frameworks */,
			);
			runOnlyForDeploymentPostprocessing = 0;
		};
		A8A09A022059E85000CEA678 /* Frameworks */ = {
			isa = PBXFrameworksBuildPhase;
			buildActionMask = 2147483647;
			files = (
				912F4C1D5B2912EB87FDC010 /* Pods_ActivityTracker.framework in Frameworks */,
				A833308B205A21B600B328F8 /* ATNetwork.framework in Frameworks */,
				A8A09A4B2059F19B00CEA678 /* ATLocationCore.framework in Frameworks */,
			);
			runOnlyForDeploymentPostprocessing = 0;
		};
		A8A09A162059E85000CEA678 /* Frameworks */ = {
			isa = PBXFrameworksBuildPhase;
			buildActionMask = 2147483647;
			files = (
				B1A66F209C092003FAC17D8E /* Pods_ActivityTrackerTests.framework in Frameworks */,
			);
			runOnlyForDeploymentPostprocessing = 0;
		};
		A8A09A322059F19B00CEA678 /* Frameworks */ = {
			isa = PBXFrameworksBuildPhase;
			buildActionMask = 2147483647;
			files = (
			);
			runOnlyForDeploymentPostprocessing = 0;
		};
/* End PBXFrameworksBuildPhase section */

/* Begin PBXGroup section */
		0934209D4B8C967AD8EFC3AD /* Pods */ = {
			isa = PBXGroup;
			children = (
				FB06AFF6E06E613A7EFA9036 /* Pods-ActivityTracker.debug.xcconfig */,
				9B635376636A322B2D6E6BFC /* Pods-ActivityTracker.release.xcconfig */,
				9DFAA4770D71E39B109F2D73 /* Pods-ActivityTrackerTests.debug.xcconfig */,
				2E0B089567BFAF5AFE9FA06C /* Pods-ActivityTrackerTests.release.xcconfig */,
				784F88C30A27C8F736623E21 /* Pods-ATLocationCoreTests.debug.xcconfig */,
				1C856625CDE100E25D864F39 /* Pods-ATLocationCoreTests.release.xcconfig */,
				B6BD43873EC28233F4E2EC0E /* Pods-ATNetworkTests.debug.xcconfig */,
				BEE0708D74A9D5E98E19C06C /* Pods-ATNetworkTests.release.xcconfig */,
			);
			name = Pods;
			sourceTree = "<group>";
		};
		A8268E0C205A6CE500F8DF78 /* TableViewCell */ = {
			isa = PBXGroup;
			children = (
				A8A77AD8205A3E24003399A4 /* LocationTableViewCell+Loctaion.swift */,
				A8268E0A205A6CE300F8DF78 /* MapTableViewCell+Location.swift */,
			);
			path = TableViewCell;
			sourceTree = "<group>";
		};
		A8333077205A21B600B328F8 /* ATNetwork */ = {
			isa = PBXGroup;
			children = (
				A8333097205A21D900B328F8 /* LocationFeed */,
				A8333096205A21D300B328F8 /* Network */,
				A8333095205A21CC00B328F8 /* Protocols */,
				A8333078205A21B600B328F8 /* ATNetwork.h */,
				A8333079205A21B600B328F8 /* Info.plist */,
			);
			path = ATNetwork;
			sourceTree = "<group>";
		};
		A8333084205A21B600B328F8 /* ATNetworkTests */ = {
			isa = PBXGroup;
			children = (
				A8333093205A21BE00B328F8 /* Mocks */,
				A8333094205A21C300B328F8 /* Tests */,
				A8333087205A21B600B328F8 /* Info.plist */,
			);
			path = ATNetworkTests;
			sourceTree = "<group>";
		};
		A8333093205A21BE00B328F8 /* Mocks */ = {
			isa = PBXGroup;
			children = (
				A8A77ABD205A275F003399A4 /* MockObject.swift */,
				A8A77ABB205A271F003399A4 /* MockAPIClient.swift */,
				A8A77AB7205A2665003399A4 /* MockURLSession.swift */,
				A8A77AB9205A2673003399A4 /* MockURLSessionDataTask.swift */,
			);
			path = Mocks;
			sourceTree = "<group>";
		};
		A8333094205A21C300B328F8 /* Tests */ = {
			isa = PBXGroup;
			children = (
				A8A77AC3205A2AA3003399A4 /* LocationFeed */,
				A8A77AC2205A2A99003399A4 /* Network */,
			);
			path = Tests;
			sourceTree = "<group>";
		};
		A8333095205A21CC00B328F8 /* Protocols */ = {
			isa = PBXGroup;
			children = (
				A833309E205A230000B328F8 /* EndPoint.swift */,
				A83330A0205A233200B328F8 /* APIClient.swift */,
				A83330A2205A235200B328F8 /* URLSessionProtocol.swift */,
				A83330A4205A236400B328F8 /* URLSessionDataTaskProtocol.swift */,
			);
			path = Protocols;
			sourceTree = "<group>";
		};
		A8333096205A21D300B328F8 /* Network */ = {
			isa = PBXGroup;
			children = (
				A8333098205A22A400B328F8 /* Result.swift */,
				A833309A205A22D300B328F8 /* APIError.swift */,
			);
			path = Network;
			sourceTree = "<group>";
		};
		A8333097205A21D900B328F8 /* LocationFeed */ = {
			isa = PBXGroup;
			children = (
				A8A77ABF205A28A1003399A4 /* LocationFeed.swift */,
				A8A77AC6205A2E74003399A4 /* LocationsApiClient.swift */,
			);
			path = LocationFeed;
			sourceTree = "<group>";
		};
		A894D2AF205A0F3000B2AB74 /* ATLocationCoreTests */ = {
			isa = PBXGroup;
			children = (
				A8A09A5A2059F41700CEA678 /* LocationSummaryTests.swift */,
				A894D2B0205A0F5800B2AB74 /* LocationTests.swift */,
			);
			path = ATLocationCoreTests;
			sourceTree = "<group>";
		};
		A8A099FC2059E85000CEA678 = {
			isa = PBXGroup;
			children = (
				A8A09A072059E85000CEA678 /* ActivityTracker */,
				A8A09A1C2059E85000CEA678 /* ActivityTrackerTests */,
				A8A09A372059F19B00CEA678 /* ATLocationCore */,
				A8333077205A21B600B328F8 /* ATNetwork */,
				A8333084205A21B600B328F8 /* ATNetworkTests */,
				A8A09A062059E85000CEA678 /* Products */,
				0934209D4B8C967AD8EFC3AD /* Pods */,
				D61C074B8507612740601B3E /* Frameworks */,
			);
			sourceTree = "<group>";
		};
		A8A09A062059E85000CEA678 /* Products */ = {
			isa = PBXGroup;
			children = (
				A8A09A052059E85000CEA678 /* ActivityTracker.app */,
				A8A09A192059E85000CEA678 /* ActivityTrackerTests.xctest */,
				A8A09A362059F19B00CEA678 /* ATLocationCore.framework */,
				A8333076205A21B600B328F8 /* ATNetwork.framework */,
				A833307E205A21B600B328F8 /* ATNetworkTests.xctest */,
			);
			name = Products;
			sourceTree = "<group>";
		};
		A8A09A072059E85000CEA678 /* ActivityTracker */ = {
			isa = PBXGroup;
			children = (
				A8A09A082059E85000CEA678 /* AppDelegate.swift */,
				A8A09A0C2059E85000CEA678 /* Main.storyboard */,
				A8A77ACE205A39E3003399A4 /* Utilities */,
				A8A09A282059ED9B00CEA678 /* Locations */,
				A8A09A0F2059E85000CEA678 /* Assets.xcassets */,
				A8A09A112059E85000CEA678 /* LaunchScreen.storyboard */,
				A8A09A142059E85000CEA678 /* Info.plist */,
			);
			path = ActivityTracker;
			sourceTree = "<group>";
		};
		A8A09A1C2059E85000CEA678 /* ActivityTrackerTests */ = {
			isa = PBXGroup;
			children = (
				A8A09A5C2059F49B00CEA678 /* Resources */,
				A8A09A2E2059EE2600CEA678 /* Mocks */,
				A8A09A2D2059EE2000CEA678 /* Tests */,
				A8A09A1F2059E85000CEA678 /* Info.plist */,
			);
			path = ActivityTrackerTests;
			sourceTree = "<group>";
		};
		A8A09A282059ED9B00CEA678 /* Locations */ = {
			isa = PBXGroup;
			children = (
				A8A09A2B2059EDAF00CEA678 /* View */,
				A8A09A2A2059EDA800CEA678 /* ViewModel */,
				A8A09A292059EDA100CEA678 /* Controllers */,
			);
			path = Locations;
			sourceTree = "<group>";
		};
		A8A09A292059EDA100CEA678 /* Controllers */ = {
			isa = PBXGroup;
			children = (
				A8A09A2F2059EF5100CEA678 /* LocationsListViewController.swift */,
				A8A77ADA205A44CC003399A4 /* LocationDetailViewController.swift */,
			);
			path = Controllers;
			sourceTree = "<group>";
		};
		A8A09A2A2059EDA800CEA678 /* ViewModel */ = {
			isa = PBXGroup;
			children = (
				A8A77AC9205A34D7003399A4 /* LocationsViewModel.swift */,
				A8A77ADE205A469D003399A4 /* LocationDetailViewModel.swift */,
			);
			path = ViewModel;
			sourceTree = "<group>";
		};
		A8A09A2B2059EDAF00CEA678 /* View */ = {
			isa = PBXGroup;
			children = (
				A8A77AD4205A3A65003399A4 /* LocationTableViewCell.swift */,
				A8A77AD5205A3A65003399A4 /* LocationTableViewCell.xib */,
				A8268E04205A670900F8DF78 /* MapTableViewCell.swift */,
				A8268E05205A670900F8DF78 /* MapTableViewCell.xib */,
				A8268E0D205A6F6200F8DF78 /* TableHeaderFooterView.swift */,
				A8268E0F205A6F6D00F8DF78 /* TableHeaderFooterView.xib */,
				A8268E13205A7B4C00F8DF78 /* ProfileInfoTableViewCell.swift */,
				A8268E14205A7B4C00F8DF78 /* ProfileInfoTableViewCell.xib */,
				A8477AA8205A80600067380A /* ActivityInfoTableViewCell.swift */,
				A8477AA9205A80600067380A /* ActivityInfoTableViewCell.xib */,
			);
			path = View;
			sourceTree = "<group>";
		};
		A8A09A2D2059EE2000CEA678 /* Tests */ = {
			isa = PBXGroup;
			children = (
				A8A77ACB205A37BB003399A4 /* ActivityTracker */,
				A894D2AF205A0F3000B2AB74 /* ATLocationCoreTests */,
			);
			path = Tests;
			sourceTree = "<group>";
		};
		A8A09A2E2059EE2600CEA678 /* Mocks */ = {
			isa = PBXGroup;
			children = (
				A8B4A7E6205B716500FEAB9F /* MockLocationAPIClient.swift */,
			);
			path = Mocks;
			sourceTree = "<group>";
		};
		A8A09A372059F19B00CEA678 /* ATLocationCore */ = {
			isa = PBXGroup;
			children = (
				A8A09A552059F24F00CEA678 /* Entities */,
				A8A09A382059F19B00CEA678 /* ATLocationCore.h */,
				A8A09A392059F19B00CEA678 /* Info.plist */,
			);
			path = ATLocationCore;
			sourceTree = "<group>";
		};
		A8A09A552059F24F00CEA678 /* Entities */ = {
			isa = PBXGroup;
			children = (
				A8A09A562059F28500CEA678 /* LocationSummary.swift */,
				A894D2AB205A0B8000B2AB74 /* Location.swift */,
				A8B8E93D205A125F007D1C2D /* Activity.swift */,
				A8B8E93F205A1266007D1C2D /* Profile.swift */,
				A8B8E941205A126B007D1C2D /* Task.swift */,
			);
			path = Entities;
			sourceTree = "<group>";
		};
		A8A09A5C2059F49B00CEA678 /* Resources */ = {
			isa = PBXGroup;
			children = (
				A8A09A5D2059F4AD00CEA678 /* locations.json */,
				A894D2AD205A0F1F00B2AB74 /* location_detail.json */,
			);
			path = Resources;
			sourceTree = "<group>";
		};
		A8A77AC2205A2A99003399A4 /* Network */ = {
			isa = PBXGroup;
			children = (
				A83330A6205A249200B328F8 /* ResultTests.swift */,
				A83330A8205A255400B328F8 /* APIErrorTests.swift */,
				A8A77AB5205A2644003399A4 /* APIClientTests.swift */,
			);
			path = Network;
			sourceTree = "<group>";
		};
		A8A77AC3205A2AA3003399A4 /* LocationFeed */ = {
			isa = PBXGroup;
			children = (
				A8A77AC4205A2AB2003399A4 /* LocationFeedTests.swift */,
			);
			path = LocationFeed;
			sourceTree = "<group>";
		};
		A8A77ACB205A37BB003399A4 /* ActivityTracker */ = {
			isa = PBXGroup;
			children = (
				A8A77ACC205A37D0003399A4 /* LocationsListViewControllerTests.swift */,
				A8A77ADC205A4596003399A4 /* LocationDetailViewControllerTests.swift */,
				A8B4A7E2205B595C00FEAB9F /* LocationsViewModelTests.swift */,
				A8B4A7E4205B714F00FEAB9F /* LocationDetailViewModelTests.swift */,
			);
			path = ActivityTracker;
			sourceTree = "<group>";
		};
		A8A77ACE205A39E3003399A4 /* Utilities */ = {
			isa = PBXGroup;
			children = (
				A8A77ACF205A39ED003399A4 /* Extensions */,
			);
			path = Utilities;
			sourceTree = "<group>";
		};
		A8A77ACF205A39ED003399A4 /* Extensions */ = {
			isa = PBXGroup;
			children = (
				A8268E0C205A6CE500F8DF78 /* TableViewCell */,
				A8A77AD2205A3A13003399A4 /* UIView+Nib.swift */,
				A8A77AD0205A3A08003399A4 /* UIView+ReuseIdentifier.swift */,
				A8268E08205A6A3500F8DF78 /* Location+Coordinates.swift */,
				A8477AAC205A9C440067380A /* String+Parameters.swift */,
				A8B4A7DC205AA37200FEAB9F /* ProfileInfoTableViewCell+Profile.swift */,
				A8477AAE205AA1E30067380A /* ActivityInfoTableViewCell+Location.swift */,
			);
			path = Extensions;
			sourceTree = "<group>";
		};
		D61C074B8507612740601B3E /* Frameworks */ = {
			isa = PBXGroup;
			children = (
				A8CA3E9B209BEC36006A3BB9 /* Nimble.framework */,
				A8CA3E99209BEC31006A3BB9 /* Quick.framework */,
				A84C01902059FC1C00B5B51B /* Nimble.framework */,
				A84C01912059FC1C00B5B51B /* Quick.framework */,
				87CBA692BE6191921ECBECDF /* Pods_ActivityTracker.framework */,
				096F0B990B9F797AF8155F00 /* Pods_ActivityTrackerTests.framework */,
				0CA74A077F459A19D6E09EA1 /* Pods_ATLocationCoreTests.framework */,
				A691162C8EA6C9B8973BA6F0 /* Pods_ATLocationCore.framework */,
				9051391AAF96576716DF8B62 /* Pods_ATNetworkTests.framework */,
			);
			name = Frameworks;
			sourceTree = "<group>";
		};
/* End PBXGroup section */

/* Begin PBXHeadersBuildPhase section */
		A8333073205A21B600B328F8 /* Headers */ = {
			isa = PBXHeadersBuildPhase;
			buildActionMask = 2147483647;
			files = (
				A8333088205A21B600B328F8 /* ATNetwork.h in Headers */,
			);
			runOnlyForDeploymentPostprocessing = 0;
		};
		A8A09A332059F19B00CEA678 /* Headers */ = {
			isa = PBXHeadersBuildPhase;
			buildActionMask = 2147483647;
			files = (
				A8A09A482059F19B00CEA678 /* ATLocationCore.h in Headers */,
			);
			runOnlyForDeploymentPostprocessing = 0;
		};
/* End PBXHeadersBuildPhase section */

/* Begin PBXNativeTarget section */
		A8333075205A21B600B328F8 /* ATNetwork */ = {
			isa = PBXNativeTarget;
			buildConfigurationList = A833308D205A21B600B328F8 /* Build configuration list for PBXNativeTarget "ATNetwork" */;
			buildPhases = (
				A8333071205A21B600B328F8 /* Sources */,
				A8333072205A21B600B328F8 /* Frameworks */,
				A8333073205A21B600B328F8 /* Headers */,
				A8333074205A21B600B328F8 /* Resources */,
			);
			buildRules = (
			);
			dependencies = (
			);
			name = ATNetwork;
			productName = ATNetwork;
			productReference = A8333076205A21B600B328F8 /* ATNetwork.framework */;
			productType = "com.apple.product-type.framework";
		};
		A833307D205A21B600B328F8 /* ATNetworkTests */ = {
			isa = PBXNativeTarget;
			buildConfigurationList = A8333090205A21B600B328F8 /* Build configuration list for PBXNativeTarget "ATNetworkTests" */;
			buildPhases = (
				3240D1078EE8A97C37BBF7B5 /* [CP] Check Pods Manifest.lock */,
				A833307A205A21B600B328F8 /* Sources */,
				A833307B205A21B600B328F8 /* Frameworks */,
				A833307C205A21B600B328F8 /* Resources */,
				9B61ECF3C971734AD6C16DD7 /* [CP] Embed Pods Frameworks */,
			);
			buildRules = (
			);
			dependencies = (
				A8333081205A21B600B328F8 /* PBXTargetDependency */,
				A8333083205A21B600B328F8 /* PBXTargetDependency */,
			);
			name = ATNetworkTests;
			productName = ATNetworkTests;
			productReference = A833307E205A21B600B328F8 /* ATNetworkTests.xctest */;
			productType = "com.apple.product-type.bundle.unit-test";
		};
		A8A09A042059E85000CEA678 /* ActivityTracker */ = {
			isa = PBXNativeTarget;
			buildConfigurationList = A8A09A222059E85000CEA678 /* Build configuration list for PBXNativeTarget "ActivityTracker" */;
			buildPhases = (
				4061E35F4B63F39B0FA53A3C /* [CP] Check Pods Manifest.lock */,
				B1F0D40520FD733800344F9F /* ShellScript */,
				A8A09A012059E85000CEA678 /* Sources */,
				A8A09A022059E85000CEA678 /* Frameworks */,
				A8A09A032059E85000CEA678 /* Resources */,
				86115D70F5FC66D3F100BBC2 /* [CP] Embed Pods Frameworks */,
				A8A09A502059F19B00CEA678 /* Embed Frameworks */,
				B1F0D40620FD735E00344F9F /* ShellScript */,
			);
			buildRules = (
			);
			dependencies = (
				A8A09A4A2059F19B00CEA678 /* PBXTargetDependency */,
				A833308A205A21B600B328F8 /* PBXTargetDependency */,
			);
			name = ActivityTracker;
			productName = ActivityTracker;
			productReference = A8A09A052059E85000CEA678 /* ActivityTracker.app */;
			productType = "com.apple.product-type.application";
		};
		A8A09A182059E85000CEA678 /* ActivityTrackerTests */ = {
			isa = PBXNativeTarget;
			buildConfigurationList = A8A09A252059E85000CEA678 /* Build configuration list for PBXNativeTarget "ActivityTrackerTests" */;
			buildPhases = (
				55BDC6EB3EA4ABAA685B6F67 /* [CP] Check Pods Manifest.lock */,
				A8A09A152059E85000CEA678 /* Sources */,
				A8A09A162059E85000CEA678 /* Frameworks */,
				A8A09A172059E85000CEA678 /* Resources */,
				2C47DFD5BAFA93BE7B090087 /* [CP] Embed Pods Frameworks */,
			);
			buildRules = (
			);
			dependencies = (
				A8A09A1B2059E85000CEA678 /* PBXTargetDependency */,
			);
			name = ActivityTrackerTests;
			productName = ActivityTrackerTests;
			productReference = A8A09A192059E85000CEA678 /* ActivityTrackerTests.xctest */;
			productType = "com.apple.product-type.bundle.unit-test";
		};
		A8A09A352059F19B00CEA678 /* ATLocationCore */ = {
			isa = PBXNativeTarget;
			buildConfigurationList = A8A09A4D2059F19B00CEA678 /* Build configuration list for PBXNativeTarget "ATLocationCore" */;
			buildPhases = (
				A8A09A312059F19B00CEA678 /* Sources */,
				A8A09A322059F19B00CEA678 /* Frameworks */,
				A8A09A332059F19B00CEA678 /* Headers */,
				A8A09A342059F19B00CEA678 /* Resources */,
			);
			buildRules = (
			);
			dependencies = (
			);
			name = ATLocationCore;
			productName = ATLocationCore;
			productReference = A8A09A362059F19B00CEA678 /* ATLocationCore.framework */;
			productType = "com.apple.product-type.framework";
		};
/* End PBXNativeTarget section */

/* Begin PBXProject section */
		A8A099FD2059E85000CEA678 /* Project object */ = {
			isa = PBXProject;
			attributes = {
				LastSwiftUpdateCheck = 0920;
				LastUpgradeCheck = 0930;
				ORGANIZATIONNAME = ArkTechs;
				TargetAttributes = {
					A8333075205A21B600B328F8 = {
						CreatedOnToolsVersion = 9.2;
						LastSwiftMigration = 1000;
						ProvisioningStyle = Automatic;
					};
					A833307D205A21B600B328F8 = {
						CreatedOnToolsVersion = 9.2;
						LastSwiftMigration = 1000;
						ProvisioningStyle = Automatic;
						TestTargetID = A8A09A042059E85000CEA678;
					};
					A8A09A042059E85000CEA678 = {
						CreatedOnToolsVersion = 9.2;
						LastSwiftMigration = 1000;
						ProvisioningStyle = Automatic;
					};
					A8A09A182059E85000CEA678 = {
						CreatedOnToolsVersion = 9.2;
						LastSwiftMigration = 1000;
						ProvisioningStyle = Automatic;
						TestTargetID = A8A09A042059E85000CEA678;
					};
					A8A09A352059F19B00CEA678 = {
						CreatedOnToolsVersion = 9.2;
						LastSwiftMigration = 1000;
						ProvisioningStyle = Automatic;
					};
				};
			};
			buildConfigurationList = A8A09A002059E85000CEA678 /* Build configuration list for PBXProject "ActivityTracker" */;
			compatibilityVersion = "Xcode 8.0";
			developmentRegion = en;
			hasScannedForEncodings = 0;
			knownRegions = (
				en,
				Base,
			);
			mainGroup = A8A099FC2059E85000CEA678;
			productRefGroup = A8A09A062059E85000CEA678 /* Products */;
			projectDirPath = "";
			projectRoot = "";
			targets = (
				A8A09A042059E85000CEA678 /* ActivityTracker */,
				A8A09A182059E85000CEA678 /* ActivityTrackerTests */,
				A8A09A352059F19B00CEA678 /* ATLocationCore */,
				A8333075205A21B600B328F8 /* ATNetwork */,
				A833307D205A21B600B328F8 /* ATNetworkTests */,
			);
		};
/* End PBXProject section */

/* Begin PBXResourcesBuildPhase section */
		A8333074205A21B600B328F8 /* Resources */ = {
			isa = PBXResourcesBuildPhase;
			buildActionMask = 2147483647;
			files = (
			);
			runOnlyForDeploymentPostprocessing = 0;
		};
		A833307C205A21B600B328F8 /* Resources */ = {
			isa = PBXResourcesBuildPhase;
			buildActionMask = 2147483647;
			files = (
			);
			runOnlyForDeploymentPostprocessing = 0;
		};
		A8A09A032059E85000CEA678 /* Resources */ = {
			isa = PBXResourcesBuildPhase;
			buildActionMask = 2147483647;
			files = (
				A8268E16205A7B4C00F8DF78 /* ProfileInfoTableViewCell.xib in Resources */,
				A8A09A132059E85000CEA678 /* LaunchScreen.storyboard in Resources */,
				A8477AAB205A80600067380A /* ActivityInfoTableViewCell.xib in Resources */,
				A8268E10205A6F6D00F8DF78 /* TableHeaderFooterView.xib in Resources */,
				A8A09A102059E85000CEA678 /* Assets.xcassets in Resources */,
				A8A77AD7205A3A65003399A4 /* LocationTableViewCell.xib in Resources */,
				A8268E07205A670900F8DF78 /* MapTableViewCell.xib in Resources */,
				A8A09A0E2059E85000CEA678 /* Main.storyboard in Resources */,
			);
			runOnlyForDeploymentPostprocessing = 0;
		};
		A8A09A172059E85000CEA678 /* Resources */ = {
			isa = PBXResourcesBuildPhase;
			buildActionMask = 2147483647;
			files = (
				A894D2AA205A089800B2AB74 /* locations.json in Resources */,
				A894D2AE205A0F1F00B2AB74 /* location_detail.json in Resources */,
			);
			runOnlyForDeploymentPostprocessing = 0;
		};
		A8A09A342059F19B00CEA678 /* Resources */ = {
			isa = PBXResourcesBuildPhase;
			buildActionMask = 2147483647;
			files = (
			);
			runOnlyForDeploymentPostprocessing = 0;
		};
/* End PBXResourcesBuildPhase section */

/* Begin PBXShellScriptBuildPhase section */
		2C47DFD5BAFA93BE7B090087 /* [CP] Embed Pods Frameworks */ = {
			isa = PBXShellScriptBuildPhase;
			buildActionMask = 2147483647;
			files = (
			);
			inputPaths = (
				"${PODS_ROOT}/Target Support Files/Pods-ActivityTrackerTests/Pods-ActivityTrackerTests-frameworks.sh",
				"${BUILT_PRODUCTS_DIR}/Nimble/Nimble.framework",
				"${BUILT_PRODUCTS_DIR}/Quick/Quick.framework",
			);
			name = "[CP] Embed Pods Frameworks";
			outputPaths = (
				"${TARGET_BUILD_DIR}/${FRAMEWORKS_FOLDER_PATH}/Nimble.framework",
				"${TARGET_BUILD_DIR}/${FRAMEWORKS_FOLDER_PATH}/Quick.framework",
			);
			runOnlyForDeploymentPostprocessing = 0;
			shellPath = /bin/sh;
			shellScript = "\"${PODS_ROOT}/Target Support Files/Pods-ActivityTrackerTests/Pods-ActivityTrackerTests-frameworks.sh\"\n";
			showEnvVarsInLog = 0;
		};
		3240D1078EE8A97C37BBF7B5 /* [CP] Check Pods Manifest.lock */ = {
			isa = PBXShellScriptBuildPhase;
			buildActionMask = 2147483647;
			files = (
			);
			inputPaths = (
				"${PODS_PODFILE_DIR_PATH}/Podfile.lock",
				"${PODS_ROOT}/Manifest.lock",
			);
			name = "[CP] Check Pods Manifest.lock";
			outputPaths = (
				"$(DERIVED_FILE_DIR)/Pods-ATNetworkTests-checkManifestLockResult.txt",
			);
			runOnlyForDeploymentPostprocessing = 0;
			shellPath = /bin/sh;
			shellScript = "diff \"${PODS_PODFILE_DIR_PATH}/Podfile.lock\" \"${PODS_ROOT}/Manifest.lock\" > /dev/null\nif [ $? != 0 ] ; then\n    # print error to STDERR\n    echo \"error: The sandbox is not in sync with the Podfile.lock. Run 'pod install' or update your CocoaPods installation.\" >&2\n    exit 1\nfi\n# This output is used by Xcode 'outputs' to avoid re-running this script phase.\necho \"SUCCESS\" > \"${SCRIPT_OUTPUT_FILE_0}\"\n";
			showEnvVarsInLog = 0;
		};
		4061E35F4B63F39B0FA53A3C /* [CP] Check Pods Manifest.lock */ = {
			isa = PBXShellScriptBuildPhase;
			buildActionMask = 2147483647;
			files = (
			);
			inputPaths = (
				"${PODS_PODFILE_DIR_PATH}/Podfile.lock",
				"${PODS_ROOT}/Manifest.lock",
			);
			name = "[CP] Check Pods Manifest.lock";
			outputPaths = (
				"$(DERIVED_FILE_DIR)/Pods-ActivityTracker-checkManifestLockResult.txt",
			);
			runOnlyForDeploymentPostprocessing = 0;
			shellPath = /bin/sh;
			shellScript = "diff \"${PODS_PODFILE_DIR_PATH}/Podfile.lock\" \"${PODS_ROOT}/Manifest.lock\" > /dev/null\nif [ $? != 0 ] ; then\n    # print error to STDERR\n    echo \"error: The sandbox is not in sync with the Podfile.lock. Run 'pod install' or update your CocoaPods installation.\" >&2\n    exit 1\nfi\n# This output is used by Xcode 'outputs' to avoid re-running this script phase.\necho \"SUCCESS\" > \"${SCRIPT_OUTPUT_FILE_0}\"\n";
			showEnvVarsInLog = 0;
		};
		55BDC6EB3EA4ABAA685B6F67 /* [CP] Check Pods Manifest.lock */ = {
			isa = PBXShellScriptBuildPhase;
			buildActionMask = 2147483647;
			files = (
			);
			inputPaths = (
				"${PODS_PODFILE_DIR_PATH}/Podfile.lock",
				"${PODS_ROOT}/Manifest.lock",
			);
			name = "[CP] Check Pods Manifest.lock";
			outputPaths = (
				"$(DERIVED_FILE_DIR)/Pods-ActivityTrackerTests-checkManifestLockResult.txt",
			);
			runOnlyForDeploymentPostprocessing = 0;
			shellPath = /bin/sh;
			shellScript = "diff \"${PODS_PODFILE_DIR_PATH}/Podfile.lock\" \"${PODS_ROOT}/Manifest.lock\" > /dev/null\nif [ $? != 0 ] ; then\n    # print error to STDERR\n    echo \"error: The sandbox is not in sync with the Podfile.lock. Run 'pod install' or update your CocoaPods installation.\" >&2\n    exit 1\nfi\n# This output is used by Xcode 'outputs' to avoid re-running this script phase.\necho \"SUCCESS\" > \"${SCRIPT_OUTPUT_FILE_0}\"\n";
			showEnvVarsInLog = 0;
		};
		86115D70F5FC66D3F100BBC2 /* [CP] Embed Pods Frameworks */ = {
			isa = PBXShellScriptBuildPhase;
			buildActionMask = 2147483647;
			files = (
			);
			inputPaths = (
				"${PODS_ROOT}/Target Support Files/Pods-ActivityTracker/Pods-ActivityTracker-frameworks.sh",
				"${BUILT_PRODUCTS_DIR}/SDWebImage/SDWebImage.framework",
			);
			name = "[CP] Embed Pods Frameworks";
			outputPaths = (
				"${TARGET_BUILD_DIR}/${FRAMEWORKS_FOLDER_PATH}/SDWebImage.framework",
			);
			runOnlyForDeploymentPostprocessing = 0;
			shellPath = /bin/sh;
			shellScript = "\"${PODS_ROOT}/Target Support Files/Pods-ActivityTracker/Pods-ActivityTracker-frameworks.sh\"\n";
			showEnvVarsInLog = 0;
		};
		9B61ECF3C971734AD6C16DD7 /* [CP] Embed Pods Frameworks */ = {
			isa = PBXShellScriptBuildPhase;
			buildActionMask = 2147483647;
			files = (
			);
			inputPaths = (
				"${PODS_ROOT}/Target Support Files/Pods-ATNetworkTests/Pods-ATNetworkTests-frameworks.sh",
				"${BUILT_PRODUCTS_DIR}/Nimble/Nimble.framework",
				"${BUILT_PRODUCTS_DIR}/Quick/Quick.framework",
			);
			name = "[CP] Embed Pods Frameworks";
			outputPaths = (
				"${TARGET_BUILD_DIR}/${FRAMEWORKS_FOLDER_PATH}/Nimble.framework",
				"${TARGET_BUILD_DIR}/${FRAMEWORKS_FOLDER_PATH}/Quick.framework",
			);
			runOnlyForDeploymentPostprocessing = 0;
			shellPath = /bin/sh;
			shellScript = "\"${PODS_ROOT}/Target Support Files/Pods-ATNetworkTests/Pods-ATNetworkTests-frameworks.sh\"\n";
			showEnvVarsInLog = 0;
		};
		B1F0D40520FD733800344F9F /* ShellScript */ = {
			isa = PBXShellScriptBuildPhase;
			buildActionMask = 2147483647;
			files = (
			);
			inputPaths = (
			);
			outputPaths = (
			);
			runOnlyForDeploymentPostprocessing = 0;
			shellPath = /bin/sh;
			shellScript = "echo \"$(date +%s)\" > \"buildtimes.log\"";
		};
		B1F0D40620FD735E00344F9F /* ShellScript */ = {
			isa = PBXShellScriptBuildPhase;
			buildActionMask = 2147483647;
			files = (
			);
			inputPaths = (
			);
			outputPaths = (
			);
			runOnlyForDeploymentPostprocessing = 0;
			shellPath = /bin/sh;
			shellScript = "startime=$(<buildtimes.log)\nendtime=$(date +%s)\ndeltatime=$((endtime-startime))\nnewline=$'\\n'\necho \"[Start] $startime$newline[End] $endtime$newline[Delta] $deltatime\" > \"buildtimes.log\"";
		};
/* End PBXShellScriptBuildPhase section */

/* Begin PBXSourcesBuildPhase section */
		A8333071205A21B600B328F8 /* Sources */ = {
			isa = PBXSourcesBuildPhase;
			buildActionMask = 2147483647;
			files = (
				A8A77AC7205A2E74003399A4 /* LocationsApiClient.swift in Sources */,
				A83330A3205A235200B328F8 /* URLSessionProtocol.swift in Sources */,
				A833309F205A230000B328F8 /* EndPoint.swift in Sources */,
				A83330A5205A236400B328F8 /* URLSessionDataTaskProtocol.swift in Sources */,
				A8333099205A22A400B328F8 /* Result.swift in Sources */,
				A833309B205A22D300B328F8 /* APIError.swift in Sources */,
				A8A77AC0205A28A1003399A4 /* LocationFeed.swift in Sources */,
				A83330A1205A233200B328F8 /* APIClient.swift in Sources */,
			);
			runOnlyForDeploymentPostprocessing = 0;
		};
		A833307A205A21B600B328F8 /* Sources */ = {
			isa = PBXSourcesBuildPhase;
			buildActionMask = 2147483647;
			files = (
				A8A77ABE205A275F003399A4 /* MockObject.swift in Sources */,
				A8A77AB8205A2665003399A4 /* MockURLSession.swift in Sources */,
				A8A77AC5205A2AB2003399A4 /* LocationFeedTests.swift in Sources */,
				A8A77ABA205A2673003399A4 /* MockURLSessionDataTask.swift in Sources */,
				A8A77AB6205A2644003399A4 /* APIClientTests.swift in Sources */,
				A83330A7205A249200B328F8 /* ResultTests.swift in Sources */,
				A83330A9205A255400B328F8 /* APIErrorTests.swift in Sources */,
				A8A77ABC205A271F003399A4 /* MockAPIClient.swift in Sources */,
			);
			runOnlyForDeploymentPostprocessing = 0;
		};
		A8A09A012059E85000CEA678 /* Sources */ = {
			isa = PBXSourcesBuildPhase;
			buildActionMask = 2147483647;
			files = (
				A8A77ADB205A44CC003399A4 /* LocationDetailViewController.swift in Sources */,
				A8A77ADF205A469D003399A4 /* LocationDetailViewModel.swift in Sources */,
				A8A77AD9205A3E24003399A4 /* LocationTableViewCell+Loctaion.swift in Sources */,
				A8A77AD6205A3A65003399A4 /* LocationTableViewCell.swift in Sources */,
				A8477AAF205AA1E30067380A /* ActivityInfoTableViewCell+Location.swift in Sources */,
				A8A09A302059EF5100CEA678 /* LocationsListViewController.swift in Sources */,
				A8A77ACA205A34D7003399A4 /* LocationsViewModel.swift in Sources */,
				A8B4A7DD205AA37200FEAB9F /* ProfileInfoTableViewCell+Profile.swift in Sources */,
				A8268E0E205A6F6200F8DF78 /* TableHeaderFooterView.swift in Sources */,
				A8268E15205A7B4C00F8DF78 /* ProfileInfoTableViewCell.swift in Sources */,
				A8477AAD205A9C440067380A /* String+Parameters.swift in Sources */,
				A8268E06205A670900F8DF78 /* MapTableViewCell.swift in Sources */,
				A8477AAA205A80600067380A /* ActivityInfoTableViewCell.swift in Sources */,
				A8A09A092059E85000CEA678 /* AppDelegate.swift in Sources */,
				A8A77AD3205A3A13003399A4 /* UIView+Nib.swift in Sources */,
				A8268E09205A6A3500F8DF78 /* Location+Coordinates.swift in Sources */,
				A8A77AD1205A3A08003399A4 /* UIView+ReuseIdentifier.swift in Sources */,
				A8268E0B205A6CE300F8DF78 /* MapTableViewCell+Location.swift in Sources */,
			);
			runOnlyForDeploymentPostprocessing = 0;
		};
		A8A09A152059E85000CEA678 /* Sources */ = {
			isa = PBXSourcesBuildPhase;
			buildActionMask = 2147483647;
			files = (
				A8A77ADD205A4596003399A4 /* LocationDetailViewControllerTests.swift in Sources */,
				A894D2B1205A0F5800B2AB74 /* LocationTests.swift in Sources */,
				A8B4A7E5205B714F00FEAB9F /* LocationDetailViewModelTests.swift in Sources */,
				A8B4A7E7205B716500FEAB9F /* MockLocationAPIClient.swift in Sources */,
				A8A77ACD205A37D0003399A4 /* LocationsListViewControllerTests.swift in Sources */,
				A8B4A7E3205B595C00FEAB9F /* LocationsViewModelTests.swift in Sources */,
				A894D2A9205A087F00B2AB74 /* LocationSummaryTests.swift in Sources */,
			);
			runOnlyForDeploymentPostprocessing = 0;
		};
		A8A09A312059F19B00CEA678 /* Sources */ = {
			isa = PBXSourcesBuildPhase;
			buildActionMask = 2147483647;
			files = (
				A8B8E93E205A125F007D1C2D /* Activity.swift in Sources */,
				A8B8E940205A1266007D1C2D /* Profile.swift in Sources */,
				A8B8E942205A126B007D1C2D /* Task.swift in Sources */,
				A894D2AC205A0B8000B2AB74 /* Location.swift in Sources */,
				A8A09A572059F28500CEA678 /* LocationSummary.swift in Sources */,
			);
			runOnlyForDeploymentPostprocessing = 0;
		};
/* End PBXSourcesBuildPhase section */

/* Begin PBXTargetDependency section */
		A8333081205A21B600B328F8 /* PBXTargetDependency */ = {
			isa = PBXTargetDependency;
			target = A8333075205A21B600B328F8 /* ATNetwork */;
			targetProxy = A8333080205A21B600B328F8 /* PBXContainerItemProxy */;
		};
		A8333083205A21B600B328F8 /* PBXTargetDependency */ = {
			isa = PBXTargetDependency;
			target = A8A09A042059E85000CEA678 /* ActivityTracker */;
			targetProxy = A8333082205A21B600B328F8 /* PBXContainerItemProxy */;
		};
		A833308A205A21B600B328F8 /* PBXTargetDependency */ = {
			isa = PBXTargetDependency;
			target = A8333075205A21B600B328F8 /* ATNetwork */;
			targetProxy = A8333089205A21B600B328F8 /* PBXContainerItemProxy */;
		};
		A8A09A1B2059E85000CEA678 /* PBXTargetDependency */ = {
			isa = PBXTargetDependency;
			target = A8A09A042059E85000CEA678 /* ActivityTracker */;
			targetProxy = A8A09A1A2059E85000CEA678 /* PBXContainerItemProxy */;
		};
		A8A09A4A2059F19B00CEA678 /* PBXTargetDependency */ = {
			isa = PBXTargetDependency;
			target = A8A09A352059F19B00CEA678 /* ATLocationCore */;
			targetProxy = A8A09A492059F19B00CEA678 /* PBXContainerItemProxy */;
		};
/* End PBXTargetDependency section */

/* Begin PBXVariantGroup section */
		A8A09A0C2059E85000CEA678 /* Main.storyboard */ = {
			isa = PBXVariantGroup;
			children = (
				A8A09A0D2059E85000CEA678 /* Base */,
			);
			name = Main.storyboard;
			sourceTree = "<group>";
		};
		A8A09A112059E85000CEA678 /* LaunchScreen.storyboard */ = {
			isa = PBXVariantGroup;
			children = (
				A8A09A122059E85000CEA678 /* Base */,
			);
			name = LaunchScreen.storyboard;
			sourceTree = "<group>";
		};
/* End PBXVariantGroup section */

/* Begin XCBuildConfiguration section */
		A833308E205A21B600B328F8 /* Debug */ = {
			isa = XCBuildConfiguration;
			buildSettings = {
				CLANG_ENABLE_MODULES = YES;
				CODE_SIGN_IDENTITY = "";
				CODE_SIGN_STYLE = Automatic;
				CURRENT_PROJECT_VERSION = 1;
				DEFINES_MODULE = YES;
				DEVELOPMENT_TEAM = 6KF8AM7J9K;
				DYLIB_COMPATIBILITY_VERSION = 1;
				DYLIB_CURRENT_VERSION = 1;
				DYLIB_INSTALL_NAME_BASE = "@rpath";
				INFOPLIST_FILE = ATNetwork/Info.plist;
				INSTALL_PATH = "$(LOCAL_LIBRARY_DIR)/Frameworks";
				IPHONEOS_DEPLOYMENT_TARGET = 10.0;
				LD_RUNPATH_SEARCH_PATHS = "$(inherited) @executable_path/Frameworks @loader_path/Frameworks $(FRAMEWORK_SEARCH_PATHS)";
				PRODUCT_BUNDLE_IDENTIFIER = com.arslan.ATNetwork;
				PRODUCT_NAME = "$(TARGET_NAME:c99extidentifier)";
				SKIP_INSTALL = YES;
				SWIFT_OPTIMIZATION_LEVEL = "-Onone";
				SWIFT_VERSION = 4.2;
				TARGETED_DEVICE_FAMILY = "1,2";
				VERSIONING_SYSTEM = "apple-generic";
				VERSION_INFO_PREFIX = "";
			};
			name = Debug;
		};
		A833308F205A21B600B328F8 /* Release */ = {
			isa = XCBuildConfiguration;
			buildSettings = {
				CLANG_ENABLE_MODULES = YES;
				CODE_SIGN_IDENTITY = "";
				CODE_SIGN_STYLE = Automatic;
				CURRENT_PROJECT_VERSION = 1;
				DEFINES_MODULE = YES;
				DEVELOPMENT_TEAM = 6KF8AM7J9K;
				DYLIB_COMPATIBILITY_VERSION = 1;
				DYLIB_CURRENT_VERSION = 1;
				DYLIB_INSTALL_NAME_BASE = "@rpath";
				INFOPLIST_FILE = ATNetwork/Info.plist;
				INSTALL_PATH = "$(LOCAL_LIBRARY_DIR)/Frameworks";
				IPHONEOS_DEPLOYMENT_TARGET = 10.0;
				LD_RUNPATH_SEARCH_PATHS = "$(inherited) @executable_path/Frameworks @loader_path/Frameworks $(FRAMEWORK_SEARCH_PATHS)";
				PRODUCT_BUNDLE_IDENTIFIER = com.arslan.ATNetwork;
				PRODUCT_NAME = "$(TARGET_NAME:c99extidentifier)";
				SKIP_INSTALL = YES;
				SWIFT_VERSION = 4.2;
				TARGETED_DEVICE_FAMILY = "1,2";
				VERSIONING_SYSTEM = "apple-generic";
				VERSION_INFO_PREFIX = "";
			};
			name = Release;
		};
		A8333091205A21B600B328F8 /* Debug */ = {
			isa = XCBuildConfiguration;
			baseConfigurationReference = B6BD43873EC28233F4E2EC0E /* Pods-ATNetworkTests.debug.xcconfig */;
			buildSettings = {
				ALWAYS_EMBED_SWIFT_STANDARD_LIBRARIES = YES;
				CLANG_ENABLE_MODULES = YES;
				CODE_SIGN_STYLE = Automatic;
				DEVELOPMENT_TEAM = 6KF8AM7J9K;
				INFOPLIST_FILE = ATNetworkTests/Info.plist;
				IPHONEOS_DEPLOYMENT_TARGET = 11.2;
				LD_RUNPATH_SEARCH_PATHS = "$(inherited) @executable_path/Frameworks @loader_path/Frameworks";
				PRODUCT_BUNDLE_IDENTIFIER = com.arslan.ATNetworkTests;
				PRODUCT_NAME = "$(TARGET_NAME)";
				SWIFT_OPTIMIZATION_LEVEL = "-Onone";
				SWIFT_VERSION = 4.2;
				TARGETED_DEVICE_FAMILY = "1,2";
				TEST_HOST = "$(BUILT_PRODUCTS_DIR)/ActivityTracker.app/ActivityTracker";
			};
			name = Debug;
		};
		A8333092205A21B600B328F8 /* Release */ = {
			isa = XCBuildConfiguration;
			baseConfigurationReference = BEE0708D74A9D5E98E19C06C /* Pods-ATNetworkTests.release.xcconfig */;
			buildSettings = {
				ALWAYS_EMBED_SWIFT_STANDARD_LIBRARIES = YES;
				CLANG_ENABLE_MODULES = YES;
				CODE_SIGN_STYLE = Automatic;
				DEVELOPMENT_TEAM = 6KF8AM7J9K;
				INFOPLIST_FILE = ATNetworkTests/Info.plist;
				IPHONEOS_DEPLOYMENT_TARGET = 11.2;
				LD_RUNPATH_SEARCH_PATHS = "$(inherited) @executable_path/Frameworks @loader_path/Frameworks";
				PRODUCT_BUNDLE_IDENTIFIER = com.arslan.ATNetworkTests;
				PRODUCT_NAME = "$(TARGET_NAME)";
				SWIFT_VERSION = 4.2;
				TARGETED_DEVICE_FAMILY = "1,2";
				TEST_HOST = "$(BUILT_PRODUCTS_DIR)/ActivityTracker.app/ActivityTracker";
			};
			name = Release;
		};
		A8A09A202059E85000CEA678 /* Debug */ = {
			isa = XCBuildConfiguration;
			buildSettings = {
				ALWAYS_SEARCH_USER_PATHS = NO;
				CLANG_ANALYZER_NONNULL = YES;
				CLANG_ANALYZER_NUMBER_OBJECT_CONVERSION = YES_AGGRESSIVE;
				CLANG_CXX_LANGUAGE_STANDARD = "gnu++14";
				CLANG_CXX_LIBRARY = "libc++";
				CLANG_ENABLE_MODULES = YES;
				CLANG_ENABLE_OBJC_ARC = YES;
				CLANG_WARN_BLOCK_CAPTURE_AUTORELEASING = YES;
				CLANG_WARN_BOOL_CONVERSION = YES;
				CLANG_WARN_COMMA = YES;
				CLANG_WARN_CONSTANT_CONVERSION = YES;
				CLANG_WARN_DEPRECATED_OBJC_IMPLEMENTATIONS = YES;
				CLANG_WARN_DIRECT_OBJC_ISA_USAGE = YES_ERROR;
				CLANG_WARN_DOCUMENTATION_COMMENTS = YES;
				CLANG_WARN_EMPTY_BODY = YES;
				CLANG_WARN_ENUM_CONVERSION = YES;
				CLANG_WARN_INFINITE_RECURSION = YES;
				CLANG_WARN_INT_CONVERSION = YES;
				CLANG_WARN_NON_LITERAL_NULL_CONVERSION = YES;
				CLANG_WARN_OBJC_IMPLICIT_RETAIN_SELF = YES;
				CLANG_WARN_OBJC_LITERAL_CONVERSION = YES;
				CLANG_WARN_OBJC_ROOT_CLASS = YES_ERROR;
				CLANG_WARN_RANGE_LOOP_ANALYSIS = YES;
				CLANG_WARN_STRICT_PROTOTYPES = YES;
				CLANG_WARN_SUSPICIOUS_MOVE = YES;
				CLANG_WARN_UNGUARDED_AVAILABILITY = YES_AGGRESSIVE;
				CLANG_WARN_UNREACHABLE_CODE = YES;
				CLANG_WARN__DUPLICATE_METHOD_MATCH = YES;
				CODE_SIGN_IDENTITY = "iPhone Developer";
				COPY_PHASE_STRIP = NO;
				DEBUG_INFORMATION_FORMAT = dwarf;
				ENABLE_STRICT_OBJC_MSGSEND = YES;
				ENABLE_TESTABILITY = YES;
				GCC_C_LANGUAGE_STANDARD = gnu11;
				GCC_DYNAMIC_NO_PIC = NO;
				GCC_NO_COMMON_BLOCKS = YES;
				GCC_OPTIMIZATION_LEVEL = 0;
				GCC_PREPROCESSOR_DEFINITIONS = (
					"DEBUG=1",
					"$(inherited)",
				);
				GCC_WARN_64_TO_32_BIT_CONVERSION = YES;
				GCC_WARN_ABOUT_RETURN_TYPE = YES_ERROR;
				GCC_WARN_UNDECLARED_SELECTOR = YES;
				GCC_WARN_UNINITIALIZED_AUTOS = YES_AGGRESSIVE;
				GCC_WARN_UNUSED_FUNCTION = YES;
				GCC_WARN_UNUSED_VARIABLE = YES;
				IPHONEOS_DEPLOYMENT_TARGET = 10.0;
				MTL_ENABLE_DEBUG_INFO = YES;
				ONLY_ACTIVE_ARCH = YES;
				SDKROOT = iphoneos;
				SWIFT_ACTIVE_COMPILATION_CONDITIONS = DEBUG;
				SWIFT_OPTIMIZATION_LEVEL = "-Onone";
			};
			name = Debug;
		};
		A8A09A212059E85000CEA678 /* Release */ = {
			isa = XCBuildConfiguration;
			buildSettings = {
				ALWAYS_SEARCH_USER_PATHS = NO;
				CLANG_ANALYZER_NONNULL = YES;
				CLANG_ANALYZER_NUMBER_OBJECT_CONVERSION = YES_AGGRESSIVE;
				CLANG_CXX_LANGUAGE_STANDARD = "gnu++14";
				CLANG_CXX_LIBRARY = "libc++";
				CLANG_ENABLE_MODULES = YES;
				CLANG_ENABLE_OBJC_ARC = YES;
				CLANG_WARN_BLOCK_CAPTURE_AUTORELEASING = YES;
				CLANG_WARN_BOOL_CONVERSION = YES;
				CLANG_WARN_COMMA = YES;
				CLANG_WARN_CONSTANT_CONVERSION = YES;
				CLANG_WARN_DEPRECATED_OBJC_IMPLEMENTATIONS = YES;
				CLANG_WARN_DIRECT_OBJC_ISA_USAGE = YES_ERROR;
				CLANG_WARN_DOCUMENTATION_COMMENTS = YES;
				CLANG_WARN_EMPTY_BODY = YES;
				CLANG_WARN_ENUM_CONVERSION = YES;
				CLANG_WARN_INFINITE_RECURSION = YES;
				CLANG_WARN_INT_CONVERSION = YES;
				CLANG_WARN_NON_LITERAL_NULL_CONVERSION = YES;
				CLANG_WARN_OBJC_IMPLICIT_RETAIN_SELF = YES;
				CLANG_WARN_OBJC_LITERAL_CONVERSION = YES;
				CLANG_WARN_OBJC_ROOT_CLASS = YES_ERROR;
				CLANG_WARN_RANGE_LOOP_ANALYSIS = YES;
				CLANG_WARN_STRICT_PROTOTYPES = YES;
				CLANG_WARN_SUSPICIOUS_MOVE = YES;
				CLANG_WARN_UNGUARDED_AVAILABILITY = YES_AGGRESSIVE;
				CLANG_WARN_UNREACHABLE_CODE = YES;
				CLANG_WARN__DUPLICATE_METHOD_MATCH = YES;
				CODE_SIGN_IDENTITY = "iPhone Developer";
				COPY_PHASE_STRIP = NO;
				DEBUG_INFORMATION_FORMAT = "dwarf-with-dsym";
				ENABLE_NS_ASSERTIONS = NO;
				ENABLE_STRICT_OBJC_MSGSEND = YES;
				GCC_C_LANGUAGE_STANDARD = gnu11;
				GCC_NO_COMMON_BLOCKS = YES;
				GCC_WARN_64_TO_32_BIT_CONVERSION = YES;
				GCC_WARN_ABOUT_RETURN_TYPE = YES_ERROR;
				GCC_WARN_UNDECLARED_SELECTOR = YES;
				GCC_WARN_UNINITIALIZED_AUTOS = YES_AGGRESSIVE;
				GCC_WARN_UNUSED_FUNCTION = YES;
				GCC_WARN_UNUSED_VARIABLE = YES;
				IPHONEOS_DEPLOYMENT_TARGET = 10.0;
				MTL_ENABLE_DEBUG_INFO = NO;
				SDKROOT = iphoneos;
				SWIFT_OPTIMIZATION_LEVEL = "-Owholemodule";
				VALIDATE_PRODUCT = YES;
			};
			name = Release;
		};
		A8A09A232059E85000CEA678 /* Debug */ = {
			isa = XCBuildConfiguration;
			baseConfigurationReference = FB06AFF6E06E613A7EFA9036 /* Pods-ActivityTracker.debug.xcconfig */;
			buildSettings = {
				ALWAYS_EMBED_SWIFT_STANDARD_LIBRARIES = YES;
				ASSETCATALOG_COMPILER_APPICON_NAME = AppIcon;
				CODE_SIGN_STYLE = Automatic;
				DEVELOPMENT_TEAM = 6KF8AM7J9K;
				INFOPLIST_FILE = ActivityTracker/Info.plist;
				LD_RUNPATH_SEARCH_PATHS = "$(inherited) @executable_path/Frameworks";
				PRODUCT_BUNDLE_IDENTIFIER = com.arslan.ActivityTracker;
				PRODUCT_NAME = "$(TARGET_NAME)";
				SWIFT_VERSION = 4.2;
				TARGETED_DEVICE_FAMILY = "1,2";
			};
			name = Debug;
		};
		A8A09A242059E85000CEA678 /* Release */ = {
			isa = XCBuildConfiguration;
			baseConfigurationReference = 9B635376636A322B2D6E6BFC /* Pods-ActivityTracker.release.xcconfig */;
			buildSettings = {
				ALWAYS_EMBED_SWIFT_STANDARD_LIBRARIES = YES;
				ASSETCATALOG_COMPILER_APPICON_NAME = AppIcon;
				CODE_SIGN_STYLE = Automatic;
				DEVELOPMENT_TEAM = 6KF8AM7J9K;
				INFOPLIST_FILE = ActivityTracker/Info.plist;
				LD_RUNPATH_SEARCH_PATHS = "$(inherited) @executable_path/Frameworks";
				PRODUCT_BUNDLE_IDENTIFIER = com.arslan.ActivityTracker;
				PRODUCT_NAME = "$(TARGET_NAME)";
				SWIFT_VERSION = 4.2;
				TARGETED_DEVICE_FAMILY = "1,2";
			};
			name = Release;
		};
		A8A09A262059E85000CEA678 /* Debug */ = {
			isa = XCBuildConfiguration;
			baseConfigurationReference = 9DFAA4770D71E39B109F2D73 /* Pods-ActivityTrackerTests.debug.xcconfig */;
			buildSettings = {
				ALWAYS_EMBED_SWIFT_STANDARD_LIBRARIES = YES;
				BUNDLE_LOADER = "$(TEST_HOST)";
				CODE_SIGN_STYLE = Automatic;
				DEVELOPMENT_TEAM = 6KF8AM7J9K;
				INFOPLIST_FILE = ActivityTrackerTests/Info.plist;
				LD_RUNPATH_SEARCH_PATHS = "$(inherited) @executable_path/Frameworks @loader_path/Frameworks";
				PRODUCT_BUNDLE_IDENTIFIER = com.arslan.ActivityTrackerTests;
				PRODUCT_NAME = "$(TARGET_NAME)";
				SWIFT_VERSION = 4.2;
				TARGETED_DEVICE_FAMILY = "1,2";
				TEST_HOST = "$(BUILT_PRODUCTS_DIR)/ActivityTracker.app/ActivityTracker";
			};
			name = Debug;
		};
		A8A09A272059E85000CEA678 /* Release */ = {
			isa = XCBuildConfiguration;
			baseConfigurationReference = 2E0B089567BFAF5AFE9FA06C /* Pods-ActivityTrackerTests.release.xcconfig */;
			buildSettings = {
				ALWAYS_EMBED_SWIFT_STANDARD_LIBRARIES = YES;
				BUNDLE_LOADER = "$(TEST_HOST)";
				CODE_SIGN_STYLE = Automatic;
				DEVELOPMENT_TEAM = 6KF8AM7J9K;
				INFOPLIST_FILE = ActivityTrackerTests/Info.plist;
				LD_RUNPATH_SEARCH_PATHS = "$(inherited) @executable_path/Frameworks @loader_path/Frameworks";
				PRODUCT_BUNDLE_IDENTIFIER = com.arslan.ActivityTrackerTests;
				PRODUCT_NAME = "$(TARGET_NAME)";
				SWIFT_VERSION = 4.2;
				TARGETED_DEVICE_FAMILY = "1,2";
				TEST_HOST = "$(BUILT_PRODUCTS_DIR)/ActivityTracker.app/ActivityTracker";
			};
			name = Release;
		};
		A8A09A4E2059F19B00CEA678 /* Debug */ = {
			isa = XCBuildConfiguration;
			buildSettings = {
				CLANG_ENABLE_MODULES = YES;
				CODE_SIGN_IDENTITY = "";
				CODE_SIGN_STYLE = Automatic;
				CURRENT_PROJECT_VERSION = 1;
				DEFINES_MODULE = YES;
				DEVELOPMENT_TEAM = 6KF8AM7J9K;
				DYLIB_COMPATIBILITY_VERSION = 1;
				DYLIB_CURRENT_VERSION = 1;
				DYLIB_INSTALL_NAME_BASE = "@rpath";
				INFOPLIST_FILE = ATLocationCore/Info.plist;
				INSTALL_PATH = "$(LOCAL_LIBRARY_DIR)/Frameworks";
				IPHONEOS_DEPLOYMENT_TARGET = 10.0;
				LD_RUNPATH_SEARCH_PATHS = "$(inherited) @executable_path/Frameworks @loader_path/Frameworks $(FRAMEWORK_SEARCH_PATHS)";
				PRODUCT_BUNDLE_IDENTIFIER = com.arslan.ATLocationCore;
				PRODUCT_NAME = "$(TARGET_NAME:c99extidentifier)";
				SKIP_INSTALL = YES;
				SWIFT_OPTIMIZATION_LEVEL = "-Onone";
				SWIFT_VERSION = 4.2;
				TARGETED_DEVICE_FAMILY = "1,2";
				VERSIONING_SYSTEM = "apple-generic";
				VERSION_INFO_PREFIX = "";
			};
			name = Debug;
		};
		A8A09A4F2059F19B00CEA678 /* Release */ = {
			isa = XCBuildConfiguration;
			buildSettings = {
				CLANG_ENABLE_MODULES = YES;
				CODE_SIGN_IDENTITY = "";
				CODE_SIGN_STYLE = Automatic;
				CURRENT_PROJECT_VERSION = 1;
				DEFINES_MODULE = YES;
				DEVELOPMENT_TEAM = 6KF8AM7J9K;
				DYLIB_COMPATIBILITY_VERSION = 1;
				DYLIB_CURRENT_VERSION = 1;
				DYLIB_INSTALL_NAME_BASE = "@rpath";
				INFOPLIST_FILE = ATLocationCore/Info.plist;
				INSTALL_PATH = "$(LOCAL_LIBRARY_DIR)/Frameworks";
				IPHONEOS_DEPLOYMENT_TARGET = 10.0;
				LD_RUNPATH_SEARCH_PATHS = "$(inherited) @executable_path/Frameworks @loader_path/Frameworks $(FRAMEWORK_SEARCH_PATHS)";
				PRODUCT_BUNDLE_IDENTIFIER = com.arslan.ATLocationCore;
				PRODUCT_NAME = "$(TARGET_NAME:c99extidentifier)";
				SKIP_INSTALL = YES;
				SWIFT_VERSION = 4.2;
				TARGETED_DEVICE_FAMILY = "1,2";
				VERSIONING_SYSTEM = "apple-generic";
				VERSION_INFO_PREFIX = "";
			};
			name = Release;
		};
/* End XCBuildConfiguration section */

/* Begin XCConfigurationList section */
		A833308D205A21B600B328F8 /* Build configuration list for PBXNativeTarget "ATNetwork" */ = {
			isa = XCConfigurationList;
			buildConfigurations = (
				A833308E205A21B600B328F8 /* Debug */,
				A833308F205A21B600B328F8 /* Release */,
			);
			defaultConfigurationIsVisible = 0;
			defaultConfigurationName = Release;
		};
		A8333090205A21B600B328F8 /* Build configuration list for PBXNativeTarget "ATNetworkTests" */ = {
			isa = XCConfigurationList;
			buildConfigurations = (
				A8333091205A21B600B328F8 /* Debug */,
				A8333092205A21B600B328F8 /* Release */,
			);
			defaultConfigurationIsVisible = 0;
			defaultConfigurationName = Release;
		};
		A8A09A002059E85000CEA678 /* Build configuration list for PBXProject "ActivityTracker" */ = {
			isa = XCConfigurationList;
			buildConfigurations = (
				A8A09A202059E85000CEA678 /* Debug */,
				A8A09A212059E85000CEA678 /* Release */,
			);
			defaultConfigurationIsVisible = 0;
			defaultConfigurationName = Release;
		};
		A8A09A222059E85000CEA678 /* Build configuration list for PBXNativeTarget "ActivityTracker" */ = {
			isa = XCConfigurationList;
			buildConfigurations = (
				A8A09A232059E85000CEA678 /* Debug */,
				A8A09A242059E85000CEA678 /* Release */,
			);
			defaultConfigurationIsVisible = 0;
			defaultConfigurationName = Release;
		};
		A8A09A252059E85000CEA678 /* Build configuration list for PBXNativeTarget "ActivityTrackerTests" */ = {
			isa = XCConfigurationList;
			buildConfigurations = (
				A8A09A262059E85000CEA678 /* Debug */,
				A8A09A272059E85000CEA678 /* Release */,
			);
			defaultConfigurationIsVisible = 0;
			defaultConfigurationName = Release;
		};
		A8A09A4D2059F19B00CEA678 /* Build configuration list for PBXNativeTarget "ATLocationCore" */ = {
			isa = XCConfigurationList;
			buildConfigurations = (
				A8A09A4E2059F19B00CEA678 /* Debug */,
				A8A09A4F2059F19B00CEA678 /* Release */,
			);
			defaultConfigurationIsVisible = 0;
			defaultConfigurationName = Release;
		};
/* End XCConfigurationList section */
	};
	rootObject = A8A099FD2059E85000CEA678 /* Project object */;
}
