// !$*UTF8*$!
{
	archiveVersion = 1;
	classes = {
	};
	objectVersion = 48;
	objects = {

/* Begin PBXBuildFile section */
		A8A09A092059E85000CEA678 /* AppDelegate.swift in Sources */ = {isa = PBXBuildFile; fileRef = A8A09A082059E85000CEA678 /* AppDelegate.swift */; };
		A8A09A0B2059E85000CEA678 /* ViewController.swift in Sources */ = {isa = PBXBuildFile; fileRef = A8A09A0A2059E85000CEA678 /* ViewController.swift */; };
		A8A09A0E2059E85000CEA678 /* Main.storyboard in Resources */ = {isa = PBXBuildFile; fileRef = A8A09A0C2059E85000CEA678 /* Main.storyboard */; };
		A8A09A102059E85000CEA678 /* Assets.xcassets in Resources */ = {isa = PBXBuildFile; fileRef = A8A09A0F2059E85000CEA678 /* Assets.xcassets */; };
		A8A09A132059E85000CEA678 /* LaunchScreen.storyboard in Resources */ = {isa = PBXBuildFile; fileRef = A8A09A112059E85000CEA678 /* LaunchScreen.storyboard */; };
		A8A09A1E2059E85000CEA678 /* ActivityTrackerTests.swift in Sources */ = {isa = PBXBuildFile; fileRef = A8A09A1D2059E85000CEA678 /* ActivityTrackerTests.swift */; };
/* End PBXBuildFile section */

/* Begin PBXContainerItemProxy section */
		A8A09A1A2059E85000CEA678 /* PBXContainerItemProxy */ = {
			isa = PBXContainerItemProxy;
			containerPortal = A8A099FD2059E85000CEA678 /* Project object */;
			proxyType = 1;
			remoteGlobalIDString = A8A09A042059E85000CEA678;
			remoteInfo = ActivityTracker;
		};
/* End PBXContainerItemProxy section */

/* Begin PBXFileReference section */
		A8A09A052059E85000CEA678 /* ActivityTracker.app */ = {isa = PBXFileReference; explicitFileType = wrapper.application; includeInIndex = 0; path = ActivityTracker.app; sourceTree = BUILT_PRODUCTS_DIR; };
		A8A09A082059E85000CEA678 /* AppDelegate.swift */ = {isa = PBXFileReference; lastKnownFileType = sourcecode.swift; path = AppDelegate.swift; sourceTree = "<group>"; };
		A8A09A0A2059E85000CEA678 /* ViewController.swift */ = {isa = PBXFileReference; lastKnownFileType = sourcecode.swift; path = ViewController.swift; sourceTree = "<group>"; };
		A8A09A0D2059E85000CEA678 /* Base */ = {isa = PBXFileReference; lastKnownFileType = file.storyboard; name = Base; path = Base.lproj/Main.storyboard; sourceTree = "<group>"; };
		A8A09A0F2059E85000CEA678 /* Assets.xcassets */ = {isa = PBXFileReference; lastKnownFileType = folder.assetcatalog; path = Assets.xcassets; sourceTree = "<group>"; };
		A8A09A122059E85000CEA678 /* Base */ = {isa = PBXFileReference; lastKnownFileType = file.storyboard; name = Base; path = Base.lproj/LaunchScreen.storyboard; sourceTree = "<group>"; };
		A8A09A142059E85000CEA678 /* Info.plist */ = {isa = PBXFileReference; lastKnownFileType = text.plist.xml; path = Info.plist; sourceTree = "<group>"; };
		A8A09A192059E85000CEA678 /* ActivityTrackerTests.xctest */ = {isa = PBXFileReference; explicitFileType = wrapper.cfbundle; includeInIndex = 0; path = ActivityTrackerTests.xctest; sourceTree = BUILT_PRODUCTS_DIR; };
		A8A09A1D2059E85000CEA678 /* ActivityTrackerTests.swift */ = {isa = PBXFileReference; lastKnownFileType = sourcecode.swift; path = ActivityTrackerTests.swift; sourceTree = "<group>"; };
		A8A09A1F2059E85000CEA678 /* Info.plist */ = {isa = PBXFileReference; lastKnownFileType = text.plist.xml; path = Info.plist; sourceTree = "<group>"; };
/* End PBXFileReference section */

/* Begin PBXFrameworksBuildPhase section */
		A8A09A022059E85000CEA678 /* Frameworks */ = {
			isa = PBXFrameworksBuildPhase;
			buildActionMask = 2147483647;
			files = (
			);
			runOnlyForDeploymentPostprocessing = 0;
		};
		A8A09A162059E85000CEA678 /* Frameworks */ = {
			isa = PBXFrameworksBuildPhase;
			buildActionMask = 2147483647;
			files = (
			);
			runOnlyForDeploymentPostprocessing = 0;
		};
/* End PBXFrameworksBuildPhase section */

/* Begin PBXGroup section */
		A8A099FC2059E85000CEA678 = {
			isa = PBXGroup;
			children = (
				A8A09A072059E85000CEA678 /* ActivityTracker */,
				A8A09A1C2059E85000CEA678 /* ActivityTrackerTests */,
				A8A09A062059E85000CEA678 /* Products */,
			);
			sourceTree = "<group>";
		};
		A8A09A062059E85000CEA678 /* Products */ = {
			isa = PBXGroup;
			children = (
				A8A09A052059E85000CEA678 /* ActivityTracker.app */,
				A8A09A192059E85000CEA678 /* ActivityTrackerTests.xctest */,
			);
			name = Products;
			sourceTree = "<group>";
		};
		A8A09A072059E85000CEA678 /* ActivityTracker */ = {
			isa = PBXGroup;
			children = (
				A8A09A082059E85000CEA678 /* AppDelegate.swift */,
				A8A09A0A2059E85000CEA678 /* ViewController.swift */,
				A8A09A0C2059E85000CEA678 /* Main.storyboard */,
				A8A09A0F2059E85000CEA678 /* Assets.xcassets */,
				A8A09A112059E85000CEA678 /* LaunchScreen.storyboard */,
				A8A09A142059E85000CEA678 /* Info.plist */,
			);
			path = ActivityTracker;
			sourceTree = "<group>";
		};
		A8A09A1C2059E85000CEA678 /* ActivityTrackerTests */ = {
			isa = PBXGroup;
			children = (
				A8A09A1D2059E85000CEA678 /* ActivityTrackerTests.swift */,
				A8A09A1F2059E85000CEA678 /* Info.plist */,
			);
			path = ActivityTrackerTests;
			sourceTree = "<group>";
		};
/* End PBXGroup section */

/* Begin PBXNativeTarget section */
		A8A09A042059E85000CEA678 /* ActivityTracker */ = {
			isa = PBXNativeTarget;
			buildConfigurationList = A8A09A222059E85000CEA678 /* Build configuration list for PBXNativeTarget "ActivityTracker" */;
			buildPhases = (
				A8A09A012059E85000CEA678 /* Sources */,
				A8A09A022059E85000CEA678 /* Frameworks */,
				A8A09A032059E85000CEA678 /* Resources */,
			);
			buildRules = (
			);
			dependencies = (
			);
			name = ActivityTracker;
			productName = ActivityTracker;
			productReference = A8A09A052059E85000CEA678 /* ActivityTracker.app */;
			productType = "com.apple.product-type.application";
		};
		A8A09A182059E85000CEA678 /* ActivityTrackerTests */ = {
			isa = PBXNativeTarget;
			buildConfigurationList = A8A09A252059E85000CEA678 /* Build configuration list for PBXNativeTarget "ActivityTrackerTests" */;
			buildPhases = (
				A8A09A152059E85000CEA678 /* Sources */,
				A8A09A162059E85000CEA678 /* Frameworks */,
				A8A09A172059E85000CEA678 /* Resources */,
			);
			buildRules = (
			);
			dependencies = (
				A8A09A1B2059E85000CEA678 /* PBXTargetDependency */,
			);
			name = ActivityTrackerTests;
			productName = ActivityTrackerTests;
			productReference = A8A09A192059E85000CEA678 /* ActivityTrackerTests.xctest */;
			productType = "com.apple.product-type.bundle.unit-test";
		};
/* End PBXNativeTarget section */

/* Begin PBXProject section */
		A8A099FD2059E85000CEA678 /* Project object */ = {
			isa = PBXProject;
			attributes = {
				LastSwiftUpdateCheck = 0920;
				LastUpgradeCheck = 0920;
				ORGANIZATIONNAME = ArkTechs;
				TargetAttributes = {
					A8A09A042059E85000CEA678 = {
						CreatedOnToolsVersion = 9.2;
						ProvisioningStyle = Automatic;
					};
					A8A09A182059E85000CEA678 = {
						CreatedOnToolsVersion = 9.2;
						ProvisioningStyle = Automatic;
						TestTargetID = A8A09A042059E85000CEA678;
					};
				};
			};
			buildConfigurationList = A8A09A002059E85000CEA678 /* Build configuration list for PBXProject "ActivityTracker" */;
			compatibilityVersion = "Xcode 8.0";
			developmentRegion = en;
			hasScannedForEncodings = 0;
			knownRegions = (
				en,
				Base,
			);
			mainGroup = A8A099FC2059E85000CEA678;
			productRefGroup = A8A09A062059E85000CEA678 /* Products */;
			projectDirPath = "";
			projectRoot = "";
			targets = (
				A8A09A042059E85000CEA678 /* ActivityTracker */,
				A8A09A182059E85000CEA678 /* ActivityTrackerTests */,
			);
		};
/* End PBXProject section */

/* Begin PBXResourcesBuildPhase section */
		A8A09A032059E85000CEA678 /* Resources */ = {
			isa = PBXResourcesBuildPhase;
			buildActionMask = 2147483647;
			files = (
				A8A09A132059E85000CEA678 /* LaunchScreen.storyboard in Resources */,
				A8A09A102059E85000CEA678 /* Assets.xcassets in Resources */,
				A8A09A0E2059E85000CEA678 /* Main.storyboard in Resources */,
			);
			runOnlyForDeploymentPostprocessing = 0;
		};
		A8A09A172059E85000CEA678 /* Resources */ = {
			isa = PBXResourcesBuildPhase;
			buildActionMask = 2147483647;
			files = (
			);
			runOnlyForDeploymentPostprocessing = 0;
		};
/* End PBXResourcesBuildPhase section */

/* Begin PBXSourcesBuildPhase section */
		A8A09A012059E85000CEA678 /* Sources */ = {
			isa = PBXSourcesBuildPhase;
			buildActionMask = 2147483647;
			files = (
				A8A09A0B2059E85000CEA678 /* ViewController.swift in Sources */,
				A8A09A092059E85000CEA678 /* AppDelegate.swift in Sources */,
			);
			runOnlyForDeploymentPostprocessing = 0;
		};
		A8A09A152059E85000CEA678 /* Sources */ = {
			isa = PBXSourcesBuildPhase;
			buildActionMask = 2147483647;
			files = (
				A8A09A1E2059E85000CEA678 /* ActivityTrackerTests.swift in Sources */,
			);
			runOnlyForDeploymentPostprocessing = 0;
		};
/* End PBXSourcesBuildPhase section */

/* Begin PBXTargetDependency section */
		A8A09A1B2059E85000CEA678 /* PBXTargetDependency */ = {
			isa = PBXTargetDependency;
			target = A8A09A042059E85000CEA678 /* ActivityTracker */;
			targetProxy = A8A09A1A2059E85000CEA678 /* PBXContainerItemProxy */;
		};
/* End PBXTargetDependency section */

/* Begin PBXVariantGroup section */
		A8A09A0C2059E85000CEA678 /* Main.storyboard */ = {
			isa = PBXVariantGroup;
			children = (
				A8A09A0D2059E85000CEA678 /* Base */,
			);
			name = Main.storyboard;
			sourceTree = "<group>";
		};
		A8A09A112059E85000CEA678 /* LaunchScreen.storyboard */ = {
			isa = PBXVariantGroup;
			children = (
				A8A09A122059E85000CEA678 /* Base */,
			);
			name = LaunchScreen.storyboard;
			sourceTree = "<group>";
		};
/* End PBXVariantGroup section */

/* Begin XCBuildConfiguration section */
		A8A09A202059E85000CEA678 /* Debug */ = {
			isa = XCBuildConfiguration;
			buildSettings = {
				ALWAYS_SEARCH_USER_PATHS = NO;
				CLANG_ANALYZER_NONNULL = YES;
				CLANG_ANALYZER_NUMBER_OBJECT_CONVERSION = YES_AGGRESSIVE;
				CLANG_CXX_LANGUAGE_STANDARD = "gnu++14";
				CLANG_CXX_LIBRARY = "libc++";
				CLANG_ENABLE_MODULES = YES;
				CLANG_ENABLE_OBJC_ARC = YES;
				CLANG_WARN_BLOCK_CAPTURE_AUTORELEASING = YES;
				CLANG_WARN_BOOL_CONVERSION = YES;
				CLANG_WARN_COMMA = YES;
				CLANG_WARN_CONSTANT_CONVERSION = YES;
				CLANG_WARN_DIRECT_OBJC_ISA_USAGE = YES_ERROR;
				CLANG_WARN_DOCUMENTATION_COMMENTS = YES;
				CLANG_WARN_EMPTY_BODY = YES;
				CLANG_WARN_ENUM_CONVERSION = YES;
				CLANG_WARN_INFINITE_RECURSION = YES;
				CLANG_WARN_INT_CONVERSION = YES;
				CLANG_WARN_NON_LITERAL_NULL_CONVERSION = YES;
				CLANG_WARN_OBJC_LITERAL_CONVERSION = YES;
				CLANG_WARN_OBJC_ROOT_CLASS = YES_ERROR;
				CLANG_WARN_RANGE_LOOP_ANALYSIS = YES;
				CLANG_WARN_STRICT_PROTOTYPES = YES;
				CLANG_WARN_SUSPICIOUS_MOVE = YES;
				CLANG_WARN_UNGUARDED_AVAILABILITY = YES_AGGRESSIVE;
				CLANG_WARN_UNREACHABLE_CODE = YES;
				CLANG_WARN__DUPLICATE_METHOD_MATCH = YES;
				CODE_SIGN_IDENTITY = "iPhone Developer";
				COPY_PHASE_STRIP = NO;
				DEBUG_INFORMATION_FORMAT = dwarf;
				ENABLE_STRICT_OBJC_MSGSEND = YES;
				ENABLE_TESTABILITY = YES;
				GCC_C_LANGUAGE_STANDARD = gnu11;
				GCC_DYNAMIC_NO_PIC = NO;
				GCC_NO_COMMON_BLOCKS = YES;
				GCC_OPTIMIZATION_LEVEL = 0;
				GCC_PREPROCESSOR_DEFINITIONS = (
					"DEBUG=1",
					"$(inherited)",
				);
				GCC_WARN_64_TO_32_BIT_CONVERSION = YES;
				GCC_WARN_ABOUT_RETURN_TYPE = YES_ERROR;
				GCC_WARN_UNDECLARED_SELECTOR = YES;
				GCC_WARN_UNINITIALIZED_AUTOS = YES_AGGRESSIVE;
				GCC_WARN_UNUSED_FUNCTION = YES;
				GCC_WARN_UNUSED_VARIABLE = YES;
				IPHONEOS_DEPLOYMENT_TARGET = 10.0;
				MTL_ENABLE_DEBUG_INFO = YES;
				ONLY_ACTIVE_ARCH = YES;
				SDKROOT = iphoneos;
				SWIFT_ACTIVE_COMPILATION_CONDITIONS = DEBUG;
				SWIFT_OPTIMIZATION_LEVEL = "-Onone";
			};
			name = Debug;
		};
		A8A09A212059E85000CEA678 /* Release */ = {
			isa = XCBuildConfiguration;
			buildSettings = {
				ALWAYS_SEARCH_USER_PATHS = NO;
				CLANG_ANALYZER_NONNULL = YES;
				CLANG_ANALYZER_NUMBER_OBJECT_CONVERSION = YES_AGGRESSIVE;
				CLANG_CXX_LANGUAGE_STANDARD = "gnu++14";
				CLANG_CXX_LIBRARY = "libc++";
				CLANG_ENABLE_MODULES = YES;
				CLANG_ENABLE_OBJC_ARC = YES;
				CLANG_WARN_BLOCK_CAPTURE_AUTORELEASING = YES;
				CLANG_WARN_BOOL_CONVERSION = YES;
				CLANG_WARN_COMMA = YES;
				CLANG_WARN_CONSTANT_CONVERSION = YES;
				CLANG_WARN_DIRECT_OBJC_ISA_USAGE = YES_ERROR;
				CLANG_WARN_DOCUMENTATION_COMMENTS = YES;
				CLANG_WARN_EMPTY_BODY = YES;
				CLANG_WARN_ENUM_CONVERSION = YES;
				CLANG_WARN_INFINITE_RECURSION = YES;
				CLANG_WARN_INT_CONVERSION = YES;
				CLANG_WARN_NON_LITERAL_NULL_CONVERSION = YES;
				CLANG_WARN_OBJC_LITERAL_CONVERSION = YES;
				CLANG_WARN_OBJC_ROOT_CLASS = YES_ERROR;
				CLANG_WARN_RANGE_LOOP_ANALYSIS = YES;
				CLANG_WARN_STRICT_PROTOTYPES = YES;
				CLANG_WARN_SUSPICIOUS_MOVE = YES;
				CLANG_WARN_UNGUARDED_AVAILABILITY = YES_AGGRESSIVE;
				CLANG_WARN_UNREACHABLE_CODE = YES;
				CLANG_WARN__DUPLICATE_METHOD_MATCH = YES;
				CODE_SIGN_IDENTITY = "iPhone Developer";
				COPY_PHASE_STRIP = NO;
				DEBUG_INFORMATION_FORMAT = "dwarf-with-dsym";
				ENABLE_NS_ASSERTIONS = NO;
				ENABLE_STRICT_OBJC_MSGSEND = YES;
				GCC_C_LANGUAGE_STANDARD = gnu11;
				GCC_NO_COMMON_BLOCKS = YES;
				GCC_WARN_64_TO_32_BIT_CONVERSION = YES;
				GCC_WARN_ABOUT_RETURN_TYPE = YES_ERROR;
				GCC_WARN_UNDECLARED_SELECTOR = YES;
				GCC_WARN_UNINITIALIZED_AUTOS = YES_AGGRESSIVE;
				GCC_WARN_UNUSED_FUNCTION = YES;
				GCC_WARN_UNUSED_VARIABLE = YES;
				IPHONEOS_DEPLOYMENT_TARGET = 10.0;
				MTL_ENABLE_DEBUG_INFO = NO;
				SDKROOT = iphoneos;
				SWIFT_OPTIMIZATION_LEVEL = "-Owholemodule";
				VALIDATE_PRODUCT = YES;
			};
			name = Release;
		};
		A8A09A232059E85000CEA678 /* Debug */ = {
			isa = XCBuildConfiguration;
			buildSettings = {
				ASSETCATALOG_COMPILER_APPICON_NAME = AppIcon;
				CODE_SIGN_STYLE = Automatic;
				DEVELOPMENT_TEAM = 6KF8AM7J9K;
				INFOPLIST_FILE = ActivityTracker/Info.plist;
				LD_RUNPATH_SEARCH_PATHS = "$(inherited) @executable_path/Frameworks";
				PRODUCT_BUNDLE_IDENTIFIER = com.arslan.ActivityTracker;
				PRODUCT_NAME = "$(TARGET_NAME)";
				SWIFT_VERSION = 4.0;
				TARGETED_DEVICE_FAMILY = "1,2";
			};
			name = Debug;
		};
		A8A09A242059E85000CEA678 /* Release */ = {
			isa = XCBuildConfiguration;
			buildSettings = {
				ASSETCATALOG_COMPILER_APPICON_NAME = AppIcon;
				CODE_SIGN_STYLE = Automatic;
				DEVELOPMENT_TEAM = 6KF8AM7J9K;
				INFOPLIST_FILE = ActivityTracker/Info.plist;
				LD_RUNPATH_SEARCH_PATHS = "$(inherited) @executable_path/Frameworks";
				PRODUCT_BUNDLE_IDENTIFIER = com.arslan.ActivityTracker;
				PRODUCT_NAME = "$(TARGET_NAME)";
				SWIFT_VERSION = 4.0;
				TARGETED_DEVICE_FAMILY = "1,2";
			};
			name = Release;
		};
		A8A09A262059E85000CEA678 /* Debug */ = {
			isa = XCBuildConfiguration;
			buildSettings = {
				ALWAYS_EMBED_SWIFT_STANDARD_LIBRARIES = YES;
				BUNDLE_LOADER = "$(TEST_HOST)";
				CODE_SIGN_STYLE = Automatic;
				DEVELOPMENT_TEAM = 6KF8AM7J9K;
				INFOPLIST_FILE = ActivityTrackerTests/Info.plist;
				LD_RUNPATH_SEARCH_PATHS = "$(inherited) @executable_path/Frameworks @loader_path/Frameworks";
				PRODUCT_BUNDLE_IDENTIFIER = com.arslan.ActivityTrackerTests;
				PRODUCT_NAME = "$(TARGET_NAME)";
				SWIFT_VERSION = 4.0;
				TARGETED_DEVICE_FAMILY = "1,2";
				TEST_HOST = "$(BUILT_PRODUCTS_DIR)/ActivityTracker.app/ActivityTracker";
			};
			name = Debug;
		};
		A8A09A272059E85000CEA678 /* Release */ = {
			isa = XCBuildConfiguration;
			buildSettings = {
				ALWAYS_EMBED_SWIFT_STANDARD_LIBRARIES = YES;
				BUNDLE_LOADER = "$(TEST_HOST)";
				CODE_SIGN_STYLE = Automatic;
				DEVELOPMENT_TEAM = 6KF8AM7J9K;
				INFOPLIST_FILE = ActivityTrackerTests/Info.plist;
				LD_RUNPATH_SEARCH_PATHS = "$(inherited) @executable_path/Frameworks @loader_path/Frameworks";
				PRODUCT_BUNDLE_IDENTIFIER = com.arslan.ActivityTrackerTests;
				PRODUCT_NAME = "$(TARGET_NAME)";
				SWIFT_VERSION = 4.0;
				TARGETED_DEVICE_FAMILY = "1,2";
				TEST_HOST = "$(BUILT_PRODUCTS_DIR)/ActivityTracker.app/ActivityTracker";
			};
			name = Release;
		};
/* End XCBuildConfiguration section */

/* Begin XCConfigurationList section */
		A8A09A002059E85000CEA678 /* Build configuration list for PBXProject "ActivityTracker" */ = {
			isa = XCConfigurationList;
			buildConfigurations = (
				A8A09A202059E85000CEA678 /* Debug */,
				A8A09A212059E85000CEA678 /* Release */,
			);
			defaultConfigurationIsVisible = 0;
			defaultConfigurationName = Release;
		};
		A8A09A222059E85000CEA678 /* Build configuration list for PBXNativeTarget "ActivityTracker" */ = {
			isa = XCConfigurationList;
			buildConfigurations = (
				A8A09A232059E85000CEA678 /* Debug */,
				A8A09A242059E85000CEA678 /* Release */,
			);
			defaultConfigurationIsVisible = 0;
			defaultConfigurationName = Release;
		};
		A8A09A252059E85000CEA678 /* Build configuration list for PBXNativeTarget "ActivityTrackerTests" */ = {
			isa = XCConfigurationList;
			buildConfigurations = (
				A8A09A262059E85000CEA678 /* Debug */,
				A8A09A272059E85000CEA678 /* Release */,
			);
			defaultConfigurationIsVisible = 0;
			defaultConfigurationName = Release;
		};
/* End XCConfigurationList section */
	};
	rootObject = A8A099FD2059E85000CEA678 /* Project object */;
}
